// !$*UTF8*$!
{
	archiveVersion = 1;
	classes = {
	};
	objectVersion = 46;
	objects = {

/* Begin PBXBuildFile section */
		1A062E9B11B2F64E00727C1D /* OODATWriter.h in Headers */ = {isa = PBXBuildFile; fileRef = 1A062E9911B2F64E00727C1D /* OODATWriter.h */; settings = {ATTRIBUTES = (Public, ); }; };
		1A062E9C11B2F64E00727C1D /* OODATWriter.m in Sources */ = {isa = PBXBuildFile; fileRef = 1A062E9A11B2F64E00727C1D /* OODATWriter.m */; };
		1A1A365911C2F7720086265F /* OoliteBase.framework in Frameworks */ = {isa = PBXBuildFile; fileRef = 1A1A35D711C2F7570086265F /* OoliteBase.framework */; };
		1A64DC9F11B111EC001D8850 /* OOMeshWriter.h in Headers */ = {isa = PBXBuildFile; fileRef = 1A64DC9D11B111EC001D8850 /* OOMeshWriter.h */; settings = {ATTRIBUTES = (Public, ); }; };
		1A64DCA011B111EC001D8850 /* OOMeshWriter.m in Sources */ = {isa = PBXBuildFile; fileRef = 1A64DC9E11B111EC001D8850 /* OOMeshWriter.m */; };
		1A663E3F11F25C2D0049AE20 /* OOShaderProgram.h in Headers */ = {isa = PBXBuildFile; fileRef = 1A663E3D11F25C2D0049AE20 /* OOShaderProgram.h */; settings = {ATTRIBUTES = (Public, ); }; };
		1A663E4011F25C2D0049AE20 /* OOShaderProgram.m in Sources */ = {isa = PBXBuildFile; fileRef = 1A663E3E11F25C2D0049AE20 /* OOShaderProgram.m */; };
		1A663E5411F25C970049AE20 /* OOMacroOpenGL.h in Headers */ = {isa = PBXBuildFile; fileRef = 1A663E5311F25C970049AE20 /* OOMacroOpenGL.h */; settings = {ATTRIBUTES = (Public, ); }; };
		1A663E5F11F25D370049AE20 /* OOOpenGLExtensionManager.h in Headers */ = {isa = PBXBuildFile; fileRef = 1A663E5D11F25D370049AE20 /* OOOpenGLExtensionManager.h */; settings = {ATTRIBUTES = (Public, ); }; };
		1A663E6011F25D370049AE20 /* OOOpenGLExtensionManager.m in Sources */ = {isa = PBXBuildFile; fileRef = 1A663E5E11F25D370049AE20 /* OOOpenGLExtensionManager.m */; };
		1A713DDE11B55E96009A9197 /* OoliteGraphics.h in Headers */ = {isa = PBXBuildFile; fileRef = 1A713DDD11B55E96009A9197 /* OoliteGraphics.h */; settings = {ATTRIBUTES = (Public, ); }; };
		1A7D35B811B138A100857CEF /* OOIndexArray.h in Headers */ = {isa = PBXBuildFile; fileRef = 1A7D35B611B138A100857CEF /* OOIndexArray.h */; settings = {ATTRIBUTES = (Public, ); }; };
		1A7D35B911B138A100857CEF /* OOIndexArray.m in Sources */ = {isa = PBXBuildFile; fileRef = 1A7D35B711B138A100857CEF /* OOIndexArray.m */; };
		1A7D37C511B16C1500857CEF /* OOOBJLexer.h in Headers */ = {isa = PBXBuildFile; fileRef = 1A7D37C311B16C1500857CEF /* OOOBJLexer.h */; settings = {ATTRIBUTES = (Public, ); }; };
		1A7D37C611B16C1500857CEF /* OOOBJLexer.m in Sources */ = {isa = PBXBuildFile; fileRef = 1A7D37C411B16C1500857CEF /* OOOBJLexer.m */; };
		1A7D37C911B16C1E00857CEF /* OOOBJReader.h in Headers */ = {isa = PBXBuildFile; fileRef = 1A7D37C711B16C1E00857CEF /* OOOBJReader.h */; settings = {ATTRIBUTES = (Public, ); }; };
		1A7D37CA11B16C1E00857CEF /* OOOBJReader.m in Sources */ = {isa = PBXBuildFile; fileRef = 1A7D37C811B16C1E00857CEF /* OOOBJReader.m */; };
		1A7D37DC11B16EC000857CEF /* OOMeshReading.h in Headers */ = {isa = PBXBuildFile; fileRef = 1A7D37DB11B16EC000857CEF /* OOMeshReading.h */; settings = {ATTRIBUTES = (Public, ); }; };
		1A8A296E11F3A95400775894 /* OOAbstractMesh+Winding.h in Headers */ = {isa = PBXBuildFile; fileRef = 1A8A296C11F3A95400775894 /* OOAbstractMesh+Winding.h */; settings = {ATTRIBUTES = (Public, ); }; };
		1A8A296F11F3A95400775894 /* OOAbstractMesh+Winding.m in Sources */ = {isa = PBXBuildFile; fileRef = 1A8A296D11F3A95400775894 /* OOAbstractMesh+Winding.m */; };
		1A8F1BDB11A882FC00C94CB0 /* OOAbstractFaceGroup.h in Headers */ = {isa = PBXBuildFile; fileRef = 1A8F1BD911A882FC00C94CB0 /* OOAbstractFaceGroup.h */; settings = {ATTRIBUTES = (Public, ); }; };
		1A8F1BDC11A882FC00C94CB0 /* OOAbstractFaceGroup.m in Sources */ = {isa = PBXBuildFile; fileRef = 1A8F1BDA11A882FC00C94CB0 /* OOAbstractFaceGroup.m */; };
		1A8F1CCC11A88CA600C94CB0 /* OOAbstractMesh.h in Headers */ = {isa = PBXBuildFile; fileRef = 1A8F1CCA11A88CA600C94CB0 /* OOAbstractMesh.h */; settings = {ATTRIBUTES = (Public, ); }; };
		1A8F1CCD11A88CA600C94CB0 /* OOAbstractMesh.m in Sources */ = {isa = PBXBuildFile; fileRef = 1A8F1CCB11A88CA600C94CB0 /* OOAbstractMesh.m */; };
		1A988AAF11F30C6B00C7CF6B /* OOOpenGLUtilities.h in Headers */ = {isa = PBXBuildFile; fileRef = 1A988AAD11F30C6B00C7CF6B /* OOOpenGLUtilities.h */; settings = {ATTRIBUTES = (Public, ); }; };
		1A988AB011F30C6B00C7CF6B /* OOOpenGLUtilities.m in Sources */ = {isa = PBXBuildFile; fileRef = 1A988AAE11F30C6B00C7CF6B /* OOOpenGLUtilities.m */; };
		1AABAAA611B9C7ED003487D5 /* OOColor.h in Headers */ = {isa = PBXBuildFile; fileRef = 1AABAAA411B9C7ED003487D5 /* OOColor.h */; settings = {ATTRIBUTES = (Public, ); }; };
		1AABAAA711B9C7ED003487D5 /* OOColor.m in Sources */ = {isa = PBXBuildFile; fileRef = 1AABAAA511B9C7ED003487D5 /* OOColor.m */; };
		1AB369EE11F20E90006E68A3 /* OOMeshReading.m in Sources */ = {isa = PBXBuildFile; fileRef = 1AB369ED11F20E90006E68A3 /* OOMeshReading.m */; };
		1AB36A2B11F212B6006E68A3 /* OOAbstractMesh+NormalSynthesis.h in Headers */ = {isa = PBXBuildFile; fileRef = 1AB36A2911F212B6006E68A3 /* OOAbstractMesh+NormalSynthesis.h */; settings = {ATTRIBUTES = (Public, ); }; };
		1AB36A2C11F212B6006E68A3 /* OOAbstractMesh+NormalSynthesis.m in Sources */ = {isa = PBXBuildFile; fileRef = 1AB36A2A11F212B6006E68A3 /* OOAbstractMesh+NormalSynthesis.m */; };
		1AB36A8711F22692006E68A3 /* OOAbstractFaceGroupInternal.h in Headers */ = {isa = PBXBuildFile; fileRef = 1AB36A8611F22692006E68A3 /* OOAbstractFaceGroupInternal.h */; };
		1AB36BF311F25389006E68A3 /* OpenGL.framework in Frameworks */ = {isa = PBXBuildFile; fileRef = 1AB36BF211F25389006E68A3 /* OpenGL.framework */; };
		1AB7395411B10A3300575507 /* OOAbstractVertex.m in Sources */ = {isa = PBXBuildFile; fileRef = 1AAB4AB611A5D894005F2081 /* OOAbstractVertex.m */; };
		1AB7395F11B10B0300575507 /* OOAbstractFace.h in Headers */ = {isa = PBXBuildFile; fileRef = 1AB7395D11B10B0300575507 /* OOAbstractFace.h */; settings = {ATTRIBUTES = (Public, ); }; };
		1AB7396011B10B0300575507 /* OOAbstractFace.m in Sources */ = {isa = PBXBuildFile; fileRef = 1AB7395E11B10B0300575507 /* OOAbstractFace.m */; };
		1AB7398F11B10EC800575507 /* OOMeshReader.h in Headers */ = {isa = PBXBuildFile; fileRef = 1AB7398D11B10EC800575507 /* OOMeshReader.h */; settings = {ATTRIBUTES = (Public, ); }; };
		1AB7399011B10EC800575507 /* OOMeshReader.m in Sources */ = {isa = PBXBuildFile; fileRef = 1AB7398E11B10EC800575507 /* OOMeshReader.m */; };
		1ABAC2B311C3974A005301BA /* OORenderMesh.h in Headers */ = {isa = PBXBuildFile; fileRef = 1ABAC2B111C3974A005301BA /* OORenderMesh.h */; settings = {ATTRIBUTES = (Public, ); }; };
		1ABAC2B411C3974A005301BA /* OORenderMesh.m in Sources */ = {isa = PBXBuildFile; fileRef = 1ABAC2B211C3974A005301BA /* OORenderMesh.m */; };
		1ABAC2C211C39A1D005301BA /* OOOpenGL.h in Headers */ = {isa = PBXBuildFile; fileRef = 1ABAC2C011C39A1D005301BA /* OOOpenGL.h */; settings = {ATTRIBUTES = (Public, ); }; };
		1AC98DB511BC58910034572F /* OOProgressReporting.h in Headers */ = {isa = PBXBuildFile; fileRef = 1AC98DB411BC58910034572F /* OOProgressReporting.h */; settings = {ATTRIBUTES = (Public, ); }; };
		1ACBCF5D11EE47FF0067E95D /* libOpenCTM-for-oolite.a in Frameworks */ = {isa = PBXBuildFile; fileRef = 1ACBCF5811EE47E50067E95D /* libOpenCTM-for-oolite.a */; };
		1ACBCF6611EE48790067E95D /* OOCTMReader.h in Headers */ = {isa = PBXBuildFile; fileRef = 1ACBCF6411EE48790067E95D /* OOCTMReader.h */; settings = {ATTRIBUTES = (Public, ); }; };
		1ACBCF6711EE48790067E95D /* OOCTMReader.m in Sources */ = {isa = PBXBuildFile; fileRef = 1ACBCF6511EE48790067E95D /* OOCTMReader.m */; };
		1AD8418B1229211E00FC382A /* OOPNGTextureLoader.h in Headers */ = {isa = PBXBuildFile; fileRef = 1AD841841229211E00FC382A /* OOPNGTextureLoader.h */; settings = {ATTRIBUTES = (Private, ); }; };
		1AD8418C1229211E00FC382A /* OOPNGTextureLoader.m in Sources */ = {isa = PBXBuildFile; fileRef = 1AD841851229211E00FC382A /* OOPNGTextureLoader.m */; };
		1AD8418D1229211E00FC382A /* OOTexture.h in Headers */ = {isa = PBXBuildFile; fileRef = 1AD841861229211E00FC382A /* OOTexture.h */; settings = {ATTRIBUTES = (Public, ); }; };
		1AD8418E1229211E00FC382A /* OOTexture.m in Sources */ = {isa = PBXBuildFile; fileRef = 1AD841871229211E00FC382A /* OOTexture.m */; };
		1AD8418F1229211E00FC382A /* OOTextureInternal.h in Headers */ = {isa = PBXBuildFile; fileRef = 1AD841881229211E00FC382A /* OOTextureInternal.h */; };
		1AD841901229211E00FC382A /* OOTextureLoader.h in Headers */ = {isa = PBXBuildFile; fileRef = 1AD841891229211E00FC382A /* OOTextureLoader.h */; settings = {ATTRIBUTES = (Public, ); }; };
		1AD841911229211E00FC382A /* OOTextureLoader.m in Sources */ = {isa = PBXBuildFile; fileRef = 1AD8418A1229211E00FC382A /* OOTextureLoader.m */; };
		1AD841951229214100FC382A /* OOConcreteTexture.h in Headers */ = {isa = PBXBuildFile; fileRef = 1AD841931229214100FC382A /* OOConcreteTexture.h */; settings = {ATTRIBUTES = (Private, ); }; };
		1AD841961229214100FC382A /* OOConcreteTexture.m in Sources */ = {isa = PBXBuildFile; fileRef = 1AD841941229214100FC382A /* OOConcreteTexture.m */; };
		1AD841991229214F00FC382A /* OONullTexture.h in Headers */ = {isa = PBXBuildFile; fileRef = 1AD841971229214F00FC382A /* OONullTexture.h */; settings = {ATTRIBUTES = (Private, ); }; };
		1AD8419A1229214F00FC382A /* OONullTexture.m in Sources */ = {isa = PBXBuildFile; fileRef = 1AD841981229214F00FC382A /* OONullTexture.m */; };
		1AD841A81229217F00FC382A /* OOPixMap.h in Headers */ = {isa = PBXBuildFile; fileRef = 1AD841A21229217F00FC382A /* OOPixMap.h */; settings = {ATTRIBUTES = (Public, ); }; };
		1AD841A91229217F00FC382A /* OOPixMap.m in Sources */ = {isa = PBXBuildFile; fileRef = 1AD841A31229217F00FC382A /* OOPixMap.m */; };
		1AD841AA1229217F00FC382A /* OOPixMapChannelOperations.h in Headers */ = {isa = PBXBuildFile; fileRef = 1AD841A41229217F00FC382A /* OOPixMapChannelOperations.h */; settings = {ATTRIBUTES = (Public, ); }; };
		1AD841AB1229217F00FC382A /* OOPixMapChannelOperations.m in Sources */ = {isa = PBXBuildFile; fileRef = 1AD841A51229217F00FC382A /* OOPixMapChannelOperations.m */; };
		1AD842821229224E00FC382A /* OOPixMapScaling.h in Headers */ = {isa = PBXBuildFile; fileRef = 1AD842801229224E00FC382A /* OOPixMapScaling.h */; settings = {ATTRIBUTES = (Public, ); }; };
		1AD842831229224E00FC382A /* OOPixMapScaling.m in Sources */ = {isa = PBXBuildFile; fileRef = 1AD842811229224E00FC382A /* OOPixMapScaling.m */; };
		1AD842BD1229234200FC382A /* OOTextureGenerator.h in Headers */ = {isa = PBXBuildFile; fileRef = 1AD842BB1229234200FC382A /* OOTextureGenerator.h */; settings = {ATTRIBUTES = (Public, ); }; };
		1AD842BE1229234200FC382A /* OOTextureGenerator.m in Sources */ = {isa = PBXBuildFile; fileRef = 1AD842BC1229234200FC382A /* OOTextureGenerator.m */; };
		1AD843BA1229316100FC382A /* libpng-for-oolite-graphics.a in Frameworks */ = {isa = PBXBuildFile; fileRef = 1AD843B71229314400FC382A /* libpng-for-oolite-graphics.a */; };
		1AD843D11229323E00FC382A /* libz.dylib in Frameworks */ = {isa = PBXBuildFile; fileRef = 1AD843D01229323E00FC382A /* libz.dylib */; };
		1AEA251811A73AA300B361DC /* OODATLexer.h in Headers */ = {isa = PBXBuildFile; fileRef = 1AEA232E11A728C100B361DC /* OODATLexer.h */; settings = {ATTRIBUTES = (); }; };
		1AEA251911A73AA400B361DC /* OODATLexer.m in Sources */ = {isa = PBXBuildFile; fileRef = 1AEA232F11A728C100B361DC /* OODATLexer.m */; };
		1AEA251A11A73AA400B361DC /* OODATReader.h in Headers */ = {isa = PBXBuildFile; fileRef = 1AEA235C11A72E0B00B361DC /* OODATReader.h */; settings = {ATTRIBUTES = (Public, ); }; };
		1AEA251B11A73AA400B361DC /* OODATReader.m in Sources */ = {isa = PBXBuildFile; fileRef = 1AEA235D11A72E0B00B361DC /* OODATReader.m */; };
		1AEA251E11A73AA500B361DC /* OOAbstractVertex.h in Headers */ = {isa = PBXBuildFile; fileRef = 1AAB4AB511A5D894005F2081 /* OOAbstractVertex.h */; settings = {ATTRIBUTES = (Public, ); }; };
		1AEA253111A73ABA00B361DC /* Foundation.framework in Frameworks */ = {isa = PBXBuildFile; fileRef = 0867D69BFE84028FC02AAC07 /* Foundation.framework */; };
		1AF426EE11A939F8008E883C /* OOFloatArray.h in Headers */ = {isa = PBXBuildFile; fileRef = 1AF426EC11A939F8008E883C /* OOFloatArray.h */; settings = {ATTRIBUTES = (Public, ); }; };
		1AF426EF11A939F8008E883C /* OOFloatArray.m in Sources */ = {isa = PBXBuildFile; fileRef = 1AF426ED11A939F8008E883C /* OOFloatArray.m */; };
		1AF4293411A9897D008E883C /* OOMaterialSpecification.h in Headers */ = {isa = PBXBuildFile; fileRef = 1AF4293211A9897D008E883C /* OOMaterialSpecification.h */; settings = {ATTRIBUTES = (Public, ); }; };
		1AF4293511A9897D008E883C /* OOMaterialSpecification.m in Sources */ = {isa = PBXBuildFile; fileRef = 1AF4293311A9897D008E883C /* OOMaterialSpecification.m */; };
		1AF429BA11A98B4D008E883C /* OOTextureSpecification.h in Headers */ = {isa = PBXBuildFile; fileRef = 1AF429B811A98B4D008E883C /* OOTextureSpecification.h */; settings = {ATTRIBUTES = (Public, ); }; };
		1AF429BB11A98B4D008E883C /* OOTextureSpecification.m in Sources */ = {isa = PBXBuildFile; fileRef = 1AF429B911A98B4D008E883C /* OOTextureSpecification.m */; };
/* End PBXBuildFile section */

/* Begin PBXContainerItemProxy section */
		1A1A35D611C2F7570086265F /* PBXContainerItemProxy */ = {
			isa = PBXContainerItemProxy;
			containerPortal = 1A1A35CF11C2F7570086265F /* OoliteBase.xcodeproj */;
			proxyType = 2;
			remoteGlobalIDString = 8DC2EF5B0486A6940098B216;
			remoteInfo = OoliteBase;
		};
		1A1A35D811C2F7610086265F /* PBXContainerItemProxy */ = {
			isa = PBXContainerItemProxy;
			containerPortal = 1A1A35CF11C2F7570086265F /* OoliteBase.xcodeproj */;
			proxyType = 1;
			remoteGlobalIDString = 8DC2EF4F0486A6940098B216;
			remoteInfo = OoliteBase;
		};
		1ACBCF5711EE47E50067E95D /* PBXContainerItemProxy */ = {
			isa = PBXContainerItemProxy;
			containerPortal = 1ACBCF5311EE47E50067E95D /* OpenCTM.xcodeproj */;
			proxyType = 2;
			remoteGlobalIDString = D2AAC07E0554694100DB518D;
			remoteInfo = OpenCTM;
		};
		1ACBCF5B11EE47F30067E95D /* PBXContainerItemProxy */ = {
			isa = PBXContainerItemProxy;
			containerPortal = 1ACBCF5311EE47E50067E95D /* OpenCTM.xcodeproj */;
			proxyType = 1;
			remoteGlobalIDString = D2AAC07D0554694100DB518D;
			remoteInfo = OpenCTM;
		};
		1AD843B61229314400FC382A /* PBXContainerItemProxy */ = {
			isa = PBXContainerItemProxy;
			containerPortal = 1AD843B21229314400FC382A /* libpng.xcodeproj */;
			proxyType = 2;
			remoteGlobalIDString = D2AAC046055464E500DB518D;
			remoteInfo = libpng;
		};
		1AD843B81229315900FC382A /* PBXContainerItemProxy */ = {
			isa = PBXContainerItemProxy;
			containerPortal = 1AD843B21229314400FC382A /* libpng.xcodeproj */;
			proxyType = 1;
			remoteGlobalIDString = 1A71E6F20BCE340C00CD5C13;
			remoteInfo = libpng;
		};
/* End PBXContainerItemProxy section */

/* Begin PBXFileReference section */
		0867D69BFE84028FC02AAC07 /* Foundation.framework */ = {isa = PBXFileReference; lastKnownFileType = wrapper.framework; name = Foundation.framework; path = /System/Library/Frameworks/Foundation.framework; sourceTree = "<absolute>"; };
		1A062E9911B2F64E00727C1D /* OODATWriter.h */ = {isa = PBXFileReference; fileEncoding = 4; lastKnownFileType = sourcecode.c.h; path = OODATWriter.h; sourceTree = "<group>"; };
		1A062E9A11B2F64E00727C1D /* OODATWriter.m */ = {isa = PBXFileReference; fileEncoding = 4; lastKnownFileType = sourcecode.c.objc; path = OODATWriter.m; sourceTree = "<group>"; };
		1A1A35CF11C2F7570086265F /* OoliteBase.xcodeproj */ = {isa = PBXFileReference; lastKnownFileType = "wrapper.pb-project"; name = OoliteBase.xcodeproj; path = ../../OoliteBase/Mac/OoliteBase.xcodeproj; sourceTree = SOURCE_ROOT; };
		1A649F741323BADA00C2FDDB /* oolite-debug-configuration.xcconfig */ = {isa = PBXFileReference; fileEncoding = 4; lastKnownFileType = text.xcconfig; path = "oolite-debug-configuration.xcconfig"; sourceTree = "<group>"; };
		1A649F751323BADA00C2FDDB /* oolite-developer-configuration.xcconfig */ = {isa = PBXFileReference; fileEncoding = 4; lastKnownFileType = text.xcconfig; path = "oolite-developer-configuration.xcconfig"; sourceTree = "<group>"; };
		1A649F761323BADA00C2FDDB /* oolite-enduser-configuration.xcconfig */ = {isa = PBXFileReference; fileEncoding = 4; lastKnownFileType = text.xcconfig; path = "oolite-enduser-configuration.xcconfig"; sourceTree = "<group>"; };
		1A649F771323BADA00C2FDDB /* oolite-shared-settings.xcconfig */ = {isa = PBXFileReference; fileEncoding = 4; lastKnownFileType = text.xcconfig; path = "oolite-shared-settings.xcconfig"; sourceTree = "<group>"; };
		1A649F781323BADA00C2FDDB /* oolite-version.inc */ = {isa = PBXFileReference; fileEncoding = 4; lastKnownFileType = sourcecode.pascal; path = "oolite-version.inc"; sourceTree = "<group>"; };
		1A64DC9D11B111EC001D8850 /* OOMeshWriter.h */ = {isa = PBXFileReference; fileEncoding = 4; lastKnownFileType = sourcecode.c.h; path = OOMeshWriter.h; sourceTree = "<group>"; };
		1A64DC9E11B111EC001D8850 /* OOMeshWriter.m */ = {isa = PBXFileReference; fileEncoding = 4; lastKnownFileType = sourcecode.c.objc; path = OOMeshWriter.m; sourceTree = "<group>"; };
		1A663E3D11F25C2D0049AE20 /* OOShaderProgram.h */ = {isa = PBXFileReference; fileEncoding = 4; lastKnownFileType = sourcecode.c.h; path = OOShaderProgram.h; sourceTree = "<group>"; };
		1A663E3E11F25C2D0049AE20 /* OOShaderProgram.m */ = {isa = PBXFileReference; fileEncoding = 4; lastKnownFileType = sourcecode.c.objc; path = OOShaderProgram.m; sourceTree = "<group>"; };
		1A663E5311F25C970049AE20 /* OOMacroOpenGL.h */ = {isa = PBXFileReference; fileEncoding = 4; lastKnownFileType = sourcecode.c.h; path = OOMacroOpenGL.h; sourceTree = "<group>"; };
		1A663E5D11F25D370049AE20 /* OOOpenGLExtensionManager.h */ = {isa = PBXFileReference; fileEncoding = 4; lastKnownFileType = sourcecode.c.h; path = OOOpenGLExtensionManager.h; sourceTree = "<group>"; };
		1A663E5E11F25D370049AE20 /* OOOpenGLExtensionManager.m */ = {isa = PBXFileReference; fileEncoding = 4; lastKnownFileType = sourcecode.c.objc; path = OOOpenGLExtensionManager.m; sourceTree = "<group>"; };
		1A6C20931334CB3B00821B1D /* oolite-copy-headers.make */ = {isa = PBXFileReference; fileEncoding = 4; lastKnownFileType = text; path = "oolite-copy-headers.make"; sourceTree = "<group>"; };
		1A6C20941334CB3B00821B1D /* oolite-shared.make */ = {isa = PBXFileReference; fileEncoding = 4; lastKnownFileType = text; path = "oolite-shared.make"; sourceTree = "<group>"; };
		1A6C20951334CB4500821B1D /* GNUmakefile */ = {isa = PBXFileReference; fileEncoding = 4; lastKnownFileType = text; name = GNUmakefile; path = ../GNUmakefile; sourceTree = SOURCE_ROOT; xcLanguageSpecificationIdentifier = xcode.lang.make; };
		1A6C20961334CB4500821B1D /* GNUmakefile.postamble */ = {isa = PBXFileReference; fileEncoding = 4; lastKnownFileType = text; name = GNUmakefile.postamble; path = ../GNUmakefile.postamble; sourceTree = SOURCE_ROOT; };
		1A6C21851334F5E100821B1D /* JAPropertyListRepresentation.h */ = {isa = PBXFileReference; fileEncoding = 4; lastKnownFileType = sourcecode.c.h; path = JAPropertyListRepresentation.h; sourceTree = "<group>"; };
		1A6C21861334F5E100821B1D /* JAPropertyListRepresentation.m */ = {isa = PBXFileReference; fileEncoding = 4; lastKnownFileType = sourcecode.c.objc; path = JAPropertyListRepresentation.m; sourceTree = "<group>"; };
		1A713DC611B55E05009A9197 /* OoliteGraphics-Info.plist */ = {isa = PBXFileReference; fileEncoding = 4; lastKnownFileType = text.plist.xml; path = "OoliteGraphics-Info.plist"; sourceTree = "<group>"; };
		1A713DDD11B55E96009A9197 /* OoliteGraphics.h */ = {isa = PBXFileReference; fileEncoding = 4; lastKnownFileType = sourcecode.c.h; name = OoliteGraphics.h; path = ../Source/OoliteGraphics.h; sourceTree = SOURCE_ROOT; };
		1A7D35B611B138A100857CEF /* OOIndexArray.h */ = {isa = PBXFileReference; fileEncoding = 4; lastKnownFileType = sourcecode.c.h; path = OOIndexArray.h; sourceTree = "<group>"; };
		1A7D35B711B138A100857CEF /* OOIndexArray.m */ = {isa = PBXFileReference; fileEncoding = 4; lastKnownFileType = sourcecode.c.objc; path = OOIndexArray.m; sourceTree = "<group>"; };
		1A7D37C311B16C1500857CEF /* OOOBJLexer.h */ = {isa = PBXFileReference; fileEncoding = 4; lastKnownFileType = sourcecode.c.h; path = OOOBJLexer.h; sourceTree = "<group>"; };
		1A7D37C411B16C1500857CEF /* OOOBJLexer.m */ = {isa = PBXFileReference; fileEncoding = 4; lastKnownFileType = sourcecode.c.objc; path = OOOBJLexer.m; sourceTree = "<group>"; };
		1A7D37C711B16C1E00857CEF /* OOOBJReader.h */ = {isa = PBXFileReference; fileEncoding = 4; lastKnownFileType = sourcecode.c.h; path = OOOBJReader.h; sourceTree = "<group>"; };
		1A7D37C811B16C1E00857CEF /* OOOBJReader.m */ = {isa = PBXFileReference; fileEncoding = 4; lastKnownFileType = sourcecode.c.objc; path = OOOBJReader.m; sourceTree = "<group>"; };
		1A7D37DB11B16EC000857CEF /* OOMeshReading.h */ = {isa = PBXFileReference; fileEncoding = 4; lastKnownFileType = sourcecode.c.h; path = OOMeshReading.h; sourceTree = "<group>"; };
		1A8A296C11F3A95400775894 /* OOAbstractMesh+Winding.h */ = {isa = PBXFileReference; fileEncoding = 4; lastKnownFileType = sourcecode.c.h; path = "OOAbstractMesh+Winding.h"; sourceTree = "<group>"; };
		1A8A296D11F3A95400775894 /* OOAbstractMesh+Winding.m */ = {isa = PBXFileReference; fileEncoding = 4; lastKnownFileType = sourcecode.c.objc; path = "OOAbstractMesh+Winding.m"; sourceTree = "<group>"; };
		1A8F1BD911A882FC00C94CB0 /* OOAbstractFaceGroup.h */ = {isa = PBXFileReference; fileEncoding = 4; lastKnownFileType = sourcecode.c.h; path = OOAbstractFaceGroup.h; sourceTree = "<group>"; };
		1A8F1BDA11A882FC00C94CB0 /* OOAbstractFaceGroup.m */ = {isa = PBXFileReference; fileEncoding = 4; lastKnownFileType = sourcecode.c.objc; path = OOAbstractFaceGroup.m; sourceTree = "<group>"; };
		1A8F1CCA11A88CA600C94CB0 /* OOAbstractMesh.h */ = {isa = PBXFileReference; fileEncoding = 4; lastKnownFileType = sourcecode.c.h; path = OOAbstractMesh.h; sourceTree = "<group>"; };
		1A8F1CCB11A88CA600C94CB0 /* OOAbstractMesh.m */ = {isa = PBXFileReference; fileEncoding = 4; lastKnownFileType = sourcecode.c.objc; path = OOAbstractMesh.m; sourceTree = "<group>"; };
		1A988AAD11F30C6B00C7CF6B /* OOOpenGLUtilities.h */ = {isa = PBXFileReference; fileEncoding = 4; lastKnownFileType = sourcecode.c.h; path = OOOpenGLUtilities.h; sourceTree = "<group>"; };
		1A988AAE11F30C6B00C7CF6B /* OOOpenGLUtilities.m */ = {isa = PBXFileReference; fileEncoding = 4; lastKnownFileType = sourcecode.c.objc; path = OOOpenGLUtilities.m; sourceTree = "<group>"; };
		1AAB4AB511A5D894005F2081 /* OOAbstractVertex.h */ = {isa = PBXFileReference; fileEncoding = 4; lastKnownFileType = sourcecode.c.h; path = OOAbstractVertex.h; sourceTree = "<group>"; };
		1AAB4AB611A5D894005F2081 /* OOAbstractVertex.m */ = {isa = PBXFileReference; fileEncoding = 4; lastKnownFileType = sourcecode.c.objc; path = OOAbstractVertex.m; sourceTree = "<group>"; };
		1AABAAA411B9C7ED003487D5 /* OOColor.h */ = {isa = PBXFileReference; fileEncoding = 4; lastKnownFileType = sourcecode.c.h; path = OOColor.h; sourceTree = "<group>"; };
		1AABAAA511B9C7ED003487D5 /* OOColor.m */ = {isa = PBXFileReference; fileEncoding = 4; lastKnownFileType = sourcecode.c.objc; path = OOColor.m; sourceTree = "<group>"; };
		1AB369ED11F20E90006E68A3 /* OOMeshReading.m */ = {isa = PBXFileReference; fileEncoding = 4; lastKnownFileType = sourcecode.c.objc; path = OOMeshReading.m; sourceTree = "<group>"; };
		1AB36A2911F212B6006E68A3 /* OOAbstractMesh+NormalSynthesis.h */ = {isa = PBXFileReference; fileEncoding = 4; lastKnownFileType = sourcecode.c.h; path = "OOAbstractMesh+NormalSynthesis.h"; sourceTree = "<group>"; };
		1AB36A2A11F212B6006E68A3 /* OOAbstractMesh+NormalSynthesis.m */ = {isa = PBXFileReference; fileEncoding = 4; lastKnownFileType = sourcecode.c.objc; path = "OOAbstractMesh+NormalSynthesis.m"; sourceTree = "<group>"; };
		1AB36A8611F22692006E68A3 /* OOAbstractFaceGroupInternal.h */ = {isa = PBXFileReference; fileEncoding = 4; lastKnownFileType = sourcecode.c.h; path = OOAbstractFaceGroupInternal.h; sourceTree = "<group>"; };
		1AB36BF211F25389006E68A3 /* OpenGL.framework */ = {isa = PBXFileReference; lastKnownFileType = wrapper.framework; name = OpenGL.framework; path = System/Library/Frameworks/OpenGL.framework; sourceTree = SDKROOT; };
		1AB7395D11B10B0300575507 /* OOAbstractFace.h */ = {isa = PBXFileReference; fileEncoding = 4; lastKnownFileType = sourcecode.c.h; path = OOAbstractFace.h; sourceTree = "<group>"; };
		1AB7395E11B10B0300575507 /* OOAbstractFace.m */ = {isa = PBXFileReference; fileEncoding = 4; lastKnownFileType = sourcecode.c.objc; path = OOAbstractFace.m; sourceTree = "<group>"; };
		1AB7398D11B10EC800575507 /* OOMeshReader.h */ = {isa = PBXFileReference; fileEncoding = 4; lastKnownFileType = sourcecode.c.h; path = OOMeshReader.h; sourceTree = "<group>"; };
		1AB7398E11B10EC800575507 /* OOMeshReader.m */ = {isa = PBXFileReference; fileEncoding = 4; lastKnownFileType = sourcecode.c.objc; path = OOMeshReader.m; sourceTree = "<group>"; };
		1ABAC2B111C3974A005301BA /* OORenderMesh.h */ = {isa = PBXFileReference; fileEncoding = 4; lastKnownFileType = sourcecode.c.h; path = OORenderMesh.h; sourceTree = "<group>"; };
		1ABAC2B211C3974A005301BA /* OORenderMesh.m */ = {isa = PBXFileReference; fileEncoding = 4; lastKnownFileType = sourcecode.c.objc; path = OORenderMesh.m; sourceTree = "<group>"; };
		1ABAC2C011C39A1D005301BA /* OOOpenGL.h */ = {isa = PBXFileReference; fileEncoding = 4; lastKnownFileType = sourcecode.c.h; path = OOOpenGL.h; sourceTree = "<group>"; };
		1AC98DB411BC58910034572F /* OOProgressReporting.h */ = {isa = PBXFileReference; fileEncoding = 4; lastKnownFileType = sourcecode.c.h; path = OOProgressReporting.h; sourceTree = "<group>"; };
		1ACBCF5311EE47E50067E95D /* OpenCTM.xcodeproj */ = {isa = PBXFileReference; lastKnownFileType = "wrapper.pb-project"; path = OpenCTM.xcodeproj; sourceTree = "<group>"; };
		1ACBCF6411EE48790067E95D /* OOCTMReader.h */ = {isa = PBXFileReference; fileEncoding = 4; lastKnownFileType = sourcecode.c.h; path = OOCTMReader.h; sourceTree = "<group>"; };
		1ACBCF6511EE48790067E95D /* OOCTMReader.m */ = {isa = PBXFileReference; fileEncoding = 4; lastKnownFileType = sourcecode.c.objc; path = OOCTMReader.m; sourceTree = "<group>"; };
		1AD841841229211E00FC382A /* OOPNGTextureLoader.h */ = {isa = PBXFileReference; fileEncoding = 4; lastKnownFileType = sourcecode.c.h; path = OOPNGTextureLoader.h; sourceTree = "<group>"; };
		1AD841851229211E00FC382A /* OOPNGTextureLoader.m */ = {isa = PBXFileReference; fileEncoding = 4; lastKnownFileType = sourcecode.c.objc; path = OOPNGTextureLoader.m; sourceTree = "<group>"; };
		1AD841861229211E00FC382A /* OOTexture.h */ = {isa = PBXFileReference; fileEncoding = 4; lastKnownFileType = sourcecode.c.h; path = OOTexture.h; sourceTree = "<group>"; };
		1AD841871229211E00FC382A /* OOTexture.m */ = {isa = PBXFileReference; fileEncoding = 4; lastKnownFileType = sourcecode.c.objc; path = OOTexture.m; sourceTree = "<group>"; };
		1AD841881229211E00FC382A /* OOTextureInternal.h */ = {isa = PBXFileReference; fileEncoding = 4; lastKnownFileType = sourcecode.c.h; path = OOTextureInternal.h; sourceTree = "<group>"; };
		1AD841891229211E00FC382A /* OOTextureLoader.h */ = {isa = PBXFileReference; fileEncoding = 4; lastKnownFileType = sourcecode.c.h; path = OOTextureLoader.h; sourceTree = "<group>"; };
		1AD8418A1229211E00FC382A /* OOTextureLoader.m */ = {isa = PBXFileReference; fileEncoding = 4; lastKnownFileType = sourcecode.c.objc; path = OOTextureLoader.m; sourceTree = "<group>"; };
		1AD841931229214100FC382A /* OOConcreteTexture.h */ = {isa = PBXFileReference; fileEncoding = 4; lastKnownFileType = sourcecode.c.h; path = OOConcreteTexture.h; sourceTree = "<group>"; };
		1AD841941229214100FC382A /* OOConcreteTexture.m */ = {isa = PBXFileReference; fileEncoding = 4; lastKnownFileType = sourcecode.c.objc; path = OOConcreteTexture.m; sourceTree = "<group>"; };
		1AD841971229214F00FC382A /* OONullTexture.h */ = {isa = PBXFileReference; fileEncoding = 4; lastKnownFileType = sourcecode.c.h; path = OONullTexture.h; sourceTree = "<group>"; };
		1AD841981229214F00FC382A /* OONullTexture.m */ = {isa = PBXFileReference; fileEncoding = 4; lastKnownFileType = sourcecode.c.objc; path = OONullTexture.m; sourceTree = "<group>"; };
		1AD841A21229217F00FC382A /* OOPixMap.h */ = {isa = PBXFileReference; fileEncoding = 4; lastKnownFileType = sourcecode.c.h; path = OOPixMap.h; sourceTree = "<group>"; };
		1AD841A31229217F00FC382A /* OOPixMap.m */ = {isa = PBXFileReference; fileEncoding = 4; lastKnownFileType = sourcecode.c.objc; path = OOPixMap.m; sourceTree = "<group>"; };
		1AD841A41229217F00FC382A /* OOPixMapChannelOperations.h */ = {isa = PBXFileReference; fileEncoding = 4; lastKnownFileType = sourcecode.c.h; path = OOPixMapChannelOperations.h; sourceTree = "<group>"; };
		1AD841A51229217F00FC382A /* OOPixMapChannelOperations.m */ = {isa = PBXFileReference; fileEncoding = 4; lastKnownFileType = sourcecode.c.objc; path = OOPixMapChannelOperations.m; sourceTree = "<group>"; };
		1AD842801229224E00FC382A /* OOPixMapScaling.h */ = {isa = PBXFileReference; fileEncoding = 4; lastKnownFileType = sourcecode.c.h; path = OOPixMapScaling.h; sourceTree = "<group>"; };
		1AD842811229224E00FC382A /* OOPixMapScaling.m */ = {isa = PBXFileReference; fileEncoding = 4; lastKnownFileType = sourcecode.c.objc; path = OOPixMapScaling.m; sourceTree = "<group>"; };
		1AD842BB1229234200FC382A /* OOTextureGenerator.h */ = {isa = PBXFileReference; fileEncoding = 4; lastKnownFileType = sourcecode.c.h; path = OOTextureGenerator.h; sourceTree = "<group>"; };
		1AD842BC1229234200FC382A /* OOTextureGenerator.m */ = {isa = PBXFileReference; fileEncoding = 4; lastKnownFileType = sourcecode.c.objc; path = OOTextureGenerator.m; sourceTree = "<group>"; };
		1AD843B21229314400FC382A /* libpng.xcodeproj */ = {isa = PBXFileReference; lastKnownFileType = "wrapper.pb-project"; path = libpng.xcodeproj; sourceTree = "<group>"; };
		1AD843D01229323E00FC382A /* libz.dylib */ = {isa = PBXFileReference; lastKnownFileType = "compiled.mach-o.dylib"; name = libz.dylib; path = usr/lib/libz.dylib; sourceTree = SDKROOT; };
		1AEA232E11A728C100B361DC /* OODATLexer.h */ = {isa = PBXFileReference; fileEncoding = 4; lastKnownFileType = sourcecode.c.h; path = OODATLexer.h; sourceTree = "<group>"; };
		1AEA232F11A728C100B361DC /* OODATLexer.m */ = {isa = PBXFileReference; fileEncoding = 4; lastKnownFileType = sourcecode.c.objc; path = OODATLexer.m; sourceTree = "<group>"; };
		1AEA235C11A72E0B00B361DC /* OODATReader.h */ = {isa = PBXFileReference; fileEncoding = 4; lastKnownFileType = sourcecode.c.h; path = OODATReader.h; sourceTree = "<group>"; };
		1AEA235D11A72E0B00B361DC /* OODATReader.m */ = {isa = PBXFileReference; fileEncoding = 4; lastKnownFileType = sourcecode.c.objc; path = OODATReader.m; sourceTree = "<group>"; };
		1AEA251111A73A9200B361DC /* OoliteGraphics.framework */ = {isa = PBXFileReference; explicitFileType = wrapper.framework; includeInIndex = 0; path = OoliteGraphics.framework; sourceTree = BUILT_PRODUCTS_DIR; };
		1AF426EC11A939F8008E883C /* OOFloatArray.h */ = {isa = PBXFileReference; fileEncoding = 4; lastKnownFileType = sourcecode.c.h; path = OOFloatArray.h; sourceTree = "<group>"; };
		1AF426ED11A939F8008E883C /* OOFloatArray.m */ = {isa = PBXFileReference; fileEncoding = 4; lastKnownFileType = sourcecode.c.objc; path = OOFloatArray.m; sourceTree = "<group>"; };
		1AF4293211A9897D008E883C /* OOMaterialSpecification.h */ = {isa = PBXFileReference; fileEncoding = 4; lastKnownFileType = sourcecode.c.h; path = OOMaterialSpecification.h; sourceTree = "<group>"; };
		1AF4293311A9897D008E883C /* OOMaterialSpecification.m */ = {isa = PBXFileReference; fileEncoding = 4; lastKnownFileType = sourcecode.c.objc; path = OOMaterialSpecification.m; sourceTree = "<group>"; };
		1AF429B811A98B4D008E883C /* OOTextureSpecification.h */ = {isa = PBXFileReference; fileEncoding = 4; lastKnownFileType = sourcecode.c.h; path = OOTextureSpecification.h; sourceTree = "<group>"; };
		1AF429B911A98B4D008E883C /* OOTextureSpecification.m */ = {isa = PBXFileReference; fileEncoding = 4; lastKnownFileType = sourcecode.c.objc; path = OOTextureSpecification.m; sourceTree = "<group>"; };
/* End PBXFileReference section */

/* Begin PBXFrameworksBuildPhase section */
		1AEA250F11A73A9200B361DC /* Frameworks */ = {
			isa = PBXFrameworksBuildPhase;
			buildActionMask = 2147483647;
			files = (
				1AEA253111A73ABA00B361DC /* Foundation.framework in Frameworks */,
				1A1A365911C2F7720086265F /* OoliteBase.framework in Frameworks */,
				1ACBCF5D11EE47FF0067E95D /* libOpenCTM-for-oolite.a in Frameworks */,
				1AB36BF311F25389006E68A3 /* OpenGL.framework in Frameworks */,
				1AD843BA1229316100FC382A /* libpng-for-oolite-graphics.a in Frameworks */,
				1AD843D11229323E00FC382A /* libz.dylib in Frameworks */,
			);
			runOnlyForDeploymentPostprocessing = 0;
		};
/* End PBXFrameworksBuildPhase section */

/* Begin PBXGroup section */
		034768DFFF38A50411DB9C8B /* Products */ = {
			isa = PBXGroup;
			children = (
				1AEA251111A73A9200B361DC /* OoliteGraphics.framework */,
			);
			name = Products;
			sourceTree = "<group>";
		};
		0867D691FE84028FC02AAC07 /* oomesh */ = {
			isa = PBXGroup;
			children = (
				1A649F731323BADA00C2FDDB /* Config */,
				1A713DDD11B55E96009A9197 /* OoliteGraphics.h */,
				08FB77AEFE84172EC02AAC07 /* Source */,
				0867D69AFE84028FC02AAC07 /* External Frameworks and Libraries */,
				034768DFFF38A50411DB9C8B /* Products */,
				1A713DC611B55E05009A9197 /* OoliteGraphics-Info.plist */,
				1AD843D01229323E00FC382A /* libz.dylib */,
			);
			name = oomesh;
			sourceTree = "<group>";
		};
		0867D69AFE84028FC02AAC07 /* External Frameworks and Libraries */ = {
			isa = PBXGroup;
			children = (
				0867D69BFE84028FC02AAC07 /* Foundation.framework */,
				1A1A35CF11C2F7570086265F /* OoliteBase.xcodeproj */,
				1AB36BF211F25389006E68A3 /* OpenGL.framework */,
				1ACBCF5311EE47E50067E95D /* OpenCTM.xcodeproj */,
				1AD843B21229314400FC382A /* libpng.xcodeproj */,
			);
			name = "External Frameworks and Libraries";
			sourceTree = "<group>";
		};
		08FB77AEFE84172EC02AAC07 /* Source */ = {
			isa = PBXGroup;
			children = (
				1ABAC2B011C3973F005301BA /* Rendering */,
				1AD841A11229216800FC382A /* Pixmap */,
				1A7D37BF11B16BD700857CEF /* Abstract */,
				1A7D37C011B16BE000857CEF /* Readers */,
				1A7D37C111B16BE900857CEF /* Writers */,
				1A7D37C211B16BF400857CEF /* Utility */,
			);
			name = Source;
			path = ../Source;
			sourceTree = "<group>";
		};
		1A1A35D011C2F7570086265F /* Products */ = {
			isa = PBXGroup;
			children = (
				1A1A35D711C2F7570086265F /* OoliteBase.framework */,
			);
			name = Products;
			sourceTree = "<group>";
		};
		1A649F731323BADA00C2FDDB /* Config */ = {
			isa = PBXGroup;
			children = (
				1A6C20951334CB4500821B1D /* GNUmakefile */,
				1A6C20961334CB4500821B1D /* GNUmakefile.postamble */,
				1A6C20931334CB3B00821B1D /* oolite-copy-headers.make */,
				1A6C20941334CB3B00821B1D /* oolite-shared.make */,
				1A649F741323BADA00C2FDDB /* oolite-debug-configuration.xcconfig */,
				1A649F751323BADA00C2FDDB /* oolite-developer-configuration.xcconfig */,
				1A649F761323BADA00C2FDDB /* oolite-enduser-configuration.xcconfig */,
				1A649F771323BADA00C2FDDB /* oolite-shared-settings.xcconfig */,
				1A649F781323BADA00C2FDDB /* oolite-version.inc */,
			);
			name = Config;
			path = ../../../Config;
			sourceTree = SOURCE_ROOT;
		};
		1A7D37BF11B16BD700857CEF /* Abstract */ = {
			isa = PBXGroup;
			children = (
				1A8F1CCA11A88CA600C94CB0 /* OOAbstractMesh.h */,
				1A8F1CCB11A88CA600C94CB0 /* OOAbstractMesh.m */,
				1A8F1BD911A882FC00C94CB0 /* OOAbstractFaceGroup.h */,
				1AB36A8611F22692006E68A3 /* OOAbstractFaceGroupInternal.h */,
				1A8F1BDA11A882FC00C94CB0 /* OOAbstractFaceGroup.m */,
				1AB7395D11B10B0300575507 /* OOAbstractFace.h */,
				1AB7395E11B10B0300575507 /* OOAbstractFace.m */,
				1AAB4AB511A5D894005F2081 /* OOAbstractVertex.h */,
				1AAB4AB611A5D894005F2081 /* OOAbstractVertex.m */,
				1AB36A2911F212B6006E68A3 /* OOAbstractMesh+NormalSynthesis.h */,
				1AB36A2A11F212B6006E68A3 /* OOAbstractMesh+NormalSynthesis.m */,
				1A8A296C11F3A95400775894 /* OOAbstractMesh+Winding.h */,
				1A8A296D11F3A95400775894 /* OOAbstractMesh+Winding.m */,
				1AF4293211A9897D008E883C /* OOMaterialSpecification.h */,
				1AF4293311A9897D008E883C /* OOMaterialSpecification.m */,
				1AF429B811A98B4D008E883C /* OOTextureSpecification.h */,
				1AF429B911A98B4D008E883C /* OOTextureSpecification.m */,
			);
			name = Abstract;
			sourceTree = "<group>";
		};
		1A7D37C011B16BE000857CEF /* Readers */ = {
			isa = PBXGroup;
			children = (
				1A7D37DB11B16EC000857CEF /* OOMeshReading.h */,
				1AB369ED11F20E90006E68A3 /* OOMeshReading.m */,
				1AEA235C11A72E0B00B361DC /* OODATReader.h */,
				1AEA235D11A72E0B00B361DC /* OODATReader.m */,
				1AEA232E11A728C100B361DC /* OODATLexer.h */,
				1AEA232F11A728C100B361DC /* OODATLexer.m */,
				1AB7398D11B10EC800575507 /* OOMeshReader.h */,
				1AB7398E11B10EC800575507 /* OOMeshReader.m */,
				1A7D37C711B16C1E00857CEF /* OOOBJReader.h */,
				1A7D37C811B16C1E00857CEF /* OOOBJReader.m */,
				1A7D37C311B16C1500857CEF /* OOOBJLexer.h */,
				1A7D37C411B16C1500857CEF /* OOOBJLexer.m */,
				1ACBCF6411EE48790067E95D /* OOCTMReader.h */,
				1ACBCF6511EE48790067E95D /* OOCTMReader.m */,
			);
			name = Readers;
			sourceTree = "<group>";
		};
		1A7D37C111B16BE900857CEF /* Writers */ = {
			isa = PBXGroup;
			children = (
				1A64DC9D11B111EC001D8850 /* OOMeshWriter.h */,
				1A64DC9E11B111EC001D8850 /* OOMeshWriter.m */,
				1A062E9911B2F64E00727C1D /* OODATWriter.h */,
				1A062E9A11B2F64E00727C1D /* OODATWriter.m */,
			);
			name = Writers;
			sourceTree = "<group>";
		};
		1A7D37C211B16BF400857CEF /* Utility */ = {
			isa = PBXGroup;
			children = (
				1A6C21851334F5E100821B1D /* JAPropertyListRepresentation.h */,
				1A6C21861334F5E100821B1D /* JAPropertyListRepresentation.m */,
				1AC98DB411BC58910034572F /* OOProgressReporting.h */,
				1AF426EC11A939F8008E883C /* OOFloatArray.h */,
				1AF426ED11A939F8008E883C /* OOFloatArray.m */,
				1A7D35B611B138A100857CEF /* OOIndexArray.h */,
				1A7D35B711B138A100857CEF /* OOIndexArray.m */,
				1AABAAA411B9C7ED003487D5 /* OOColor.h */,
				1AABAAA511B9C7ED003487D5 /* OOColor.m */,
			);
			name = Utility;
			sourceTree = "<group>";
		};
		1ABAC2B011C3973F005301BA /* Rendering */ = {
			isa = PBXGroup;
			children = (
				1ABAC2C011C39A1D005301BA /* OOOpenGL.h */,
				1A988AAD11F30C6B00C7CF6B /* OOOpenGLUtilities.h */,
				1A988AAE11F30C6B00C7CF6B /* OOOpenGLUtilities.m */,
				1A663E5D11F25D370049AE20 /* OOOpenGLExtensionManager.h */,
				1A663E5E11F25D370049AE20 /* OOOpenGLExtensionManager.m */,
				1A663E5311F25C970049AE20 /* OOMacroOpenGL.h */,
				1ABAC2B111C3974A005301BA /* OORenderMesh.h */,
				1ABAC2B211C3974A005301BA /* OORenderMesh.m */,
				1AD841831229210F00FC382A /* Materials */,
			);
			name = Rendering;
			sourceTree = "<group>";
		};
		1ACBCF5411EE47E50067E95D /* Products */ = {
			isa = PBXGroup;
			children = (
				1ACBCF5811EE47E50067E95D /* libOpenCTM-for-oolite.a */,
			);
			name = Products;
			sourceTree = "<group>";
		};
		1AD841831229210F00FC382A /* Materials */ = {
			isa = PBXGroup;
			children = (
				1A663E3D11F25C2D0049AE20 /* OOShaderProgram.h */,
				1A663E3E11F25C2D0049AE20 /* OOShaderProgram.m */,
				1AD841921229212000FC382A /* Textures */,
			);
			name = Materials;
			sourceTree = "<group>";
		};
		1AD841921229212000FC382A /* Textures */ = {
			isa = PBXGroup;
			children = (
				1AD841861229211E00FC382A /* OOTexture.h */,
				1AD841871229211E00FC382A /* OOTexture.m */,
				1AD841881229211E00FC382A /* OOTextureInternal.h */,
				1AD841931229214100FC382A /* OOConcreteTexture.h */,
				1AD841941229214100FC382A /* OOConcreteTexture.m */,
				1AD841971229214F00FC382A /* OONullTexture.h */,
				1AD841981229214F00FC382A /* OONullTexture.m */,
				1AD841891229211E00FC382A /* OOTextureLoader.h */,
				1AD8418A1229211E00FC382A /* OOTextureLoader.m */,
				1AD842BB1229234200FC382A /* OOTextureGenerator.h */,
				1AD842BC1229234200FC382A /* OOTextureGenerator.m */,
				1AD841841229211E00FC382A /* OOPNGTextureLoader.h */,
				1AD841851229211E00FC382A /* OOPNGTextureLoader.m */,
			);
			name = Textures;
			sourceTree = "<group>";
		};
		1AD841A11229216800FC382A /* Pixmap */ = {
			isa = PBXGroup;
			children = (
				1AD841A31229217F00FC382A /* OOPixMap.m */,
				1AD841A21229217F00FC382A /* OOPixMap.h */,
				1AD841A41229217F00FC382A /* OOPixMapChannelOperations.h */,
				1AD841A51229217F00FC382A /* OOPixMapChannelOperations.m */,
				1AD842801229224E00FC382A /* OOPixMapScaling.h */,
				1AD842811229224E00FC382A /* OOPixMapScaling.m */,
			);
			name = Pixmap;
			sourceTree = "<group>";
		};
		1AD843B31229314400FC382A /* Products */ = {
			isa = PBXGroup;
			children = (
				1AD843B71229314400FC382A /* libpng-for-oolite-graphics.a */,
			);
			name = Products;
			sourceTree = "<group>";
		};
/* End PBXGroup section */

/* Begin PBXHeadersBuildPhase section */
		1AEA250C11A73A9200B361DC /* Headers */ = {
			isa = PBXHeadersBuildPhase;
			buildActionMask = 2147483647;
			files = (
				1AEA251811A73AA300B361DC /* OODATLexer.h in Headers */,
				1AEA251A11A73AA400B361DC /* OODATReader.h in Headers */,
				1AEA251E11A73AA500B361DC /* OOAbstractVertex.h in Headers */,
				1A8F1BDB11A882FC00C94CB0 /* OOAbstractFaceGroup.h in Headers */,
				1A8F1CCC11A88CA600C94CB0 /* OOAbstractMesh.h in Headers */,
				1AF426EE11A939F8008E883C /* OOFloatArray.h in Headers */,
				1AF4293411A9897D008E883C /* OOMaterialSpecification.h in Headers */,
				1AF429BA11A98B4D008E883C /* OOTextureSpecification.h in Headers */,
				1AB7395F11B10B0300575507 /* OOAbstractFace.h in Headers */,
				1AB7398F11B10EC800575507 /* OOMeshReader.h in Headers */,
				1A64DC9F11B111EC001D8850 /* OOMeshWriter.h in Headers */,
				1A7D35B811B138A100857CEF /* OOIndexArray.h in Headers */,
				1A7D37C511B16C1500857CEF /* OOOBJLexer.h in Headers */,
				1A7D37C911B16C1E00857CEF /* OOOBJReader.h in Headers */,
				1A7D37DC11B16EC000857CEF /* OOMeshReading.h in Headers */,
				1A062E9B11B2F64E00727C1D /* OODATWriter.h in Headers */,
				1A713DDE11B55E96009A9197 /* OoliteGraphics.h in Headers */,
				1AABAAA611B9C7ED003487D5 /* OOColor.h in Headers */,
				1AC98DB511BC58910034572F /* OOProgressReporting.h in Headers */,
				1ABAC2B311C3974A005301BA /* OORenderMesh.h in Headers */,
				1ABAC2C211C39A1D005301BA /* OOOpenGL.h in Headers */,
				1ACBCF6611EE48790067E95D /* OOCTMReader.h in Headers */,
				1AB36A2B11F212B6006E68A3 /* OOAbstractMesh+NormalSynthesis.h in Headers */,
				1AB36A8711F22692006E68A3 /* OOAbstractFaceGroupInternal.h in Headers */,
				1A663E3F11F25C2D0049AE20 /* OOShaderProgram.h in Headers */,
				1A663E5411F25C970049AE20 /* OOMacroOpenGL.h in Headers */,
				1A663E5F11F25D370049AE20 /* OOOpenGLExtensionManager.h in Headers */,
				1A988AAF11F30C6B00C7CF6B /* OOOpenGLUtilities.h in Headers */,
				1A8A296E11F3A95400775894 /* OOAbstractMesh+Winding.h in Headers */,
				1AD8418B1229211E00FC382A /* OOPNGTextureLoader.h in Headers */,
				1AD8418D1229211E00FC382A /* OOTexture.h in Headers */,
				1AD8418F1229211E00FC382A /* OOTextureInternal.h in Headers */,
				1AD841901229211E00FC382A /* OOTextureLoader.h in Headers */,
				1AD841951229214100FC382A /* OOConcreteTexture.h in Headers */,
				1AD841991229214F00FC382A /* OONullTexture.h in Headers */,
				1AD841A81229217F00FC382A /* OOPixMap.h in Headers */,
				1AD841AA1229217F00FC382A /* OOPixMapChannelOperations.h in Headers */,
				1AD842821229224E00FC382A /* OOPixMapScaling.h in Headers */,
				1AD842BD1229234200FC382A /* OOTextureGenerator.h in Headers */,
			);
			runOnlyForDeploymentPostprocessing = 0;
		};
/* End PBXHeadersBuildPhase section */

/* Begin PBXNativeTarget section */
		1AEA251011A73A9200B361DC /* OoliteGraphics */ = {
			isa = PBXNativeTarget;
			buildConfigurationList = 1AEA251611A73A9300B361DC /* Build configuration list for PBXNativeTarget "OoliteGraphics" */;
			buildPhases = (
				1AEA250C11A73A9200B361DC /* Headers */,
				1AEA250D11A73A9200B361DC /* Resources */,
				1AEA250E11A73A9200B361DC /* Sources */,
				1AEA250F11A73A9200B361DC /* Frameworks */,
				1A60EE1411B6FEE900224F2D /* Make headers read-only */,
			);
			buildRules = (
			);
			dependencies = (
				1A1A35D911C2F7610086265F /* PBXTargetDependency */,
				1ACBCF5C11EE47F30067E95D /* PBXTargetDependency */,
				1AD843B91229315900FC382A /* PBXTargetDependency */,
			);
			name = OoliteGraphics;
			productName = OOMesh;
			productReference = 1AEA251111A73A9200B361DC /* OoliteGraphics.framework */;
			productType = "com.apple.product-type.framework";
		};
/* End PBXNativeTarget section */

/* Begin PBXProject section */
		0867D690FE84028FC02AAC07 /* Project object */ = {
			isa = PBXProject;
			attributes = {
				BuildIndependentTargetsInParallel = YES;
				ORGANIZATIONNAME = "the Oolite team";
			};
			buildConfigurationList = 1DEB922208733DC00010E9CD /* Build configuration list for PBXProject "OoliteGraphics" */;
			compatibilityVersion = "Xcode 3.2";
			developmentRegion = English;
			hasScannedForEncodings = 1;
			knownRegions = (
				English,
				Japanese,
				French,
				German,
			);
			mainGroup = 0867D691FE84028FC02AAC07 /* oomesh */;
			productRefGroup = 034768DFFF38A50411DB9C8B /* Products */;
			projectDirPath = "";
			projectReferences = (
				{
					ProductGroup = 1AD843B31229314400FC382A /* Products */;
					ProjectRef = 1AD843B21229314400FC382A /* libpng.xcodeproj */;
				},
				{
					ProductGroup = 1A1A35D011C2F7570086265F /* Products */;
					ProjectRef = 1A1A35CF11C2F7570086265F /* OoliteBase.xcodeproj */;
				},
				{
					ProductGroup = 1ACBCF5411EE47E50067E95D /* Products */;
					ProjectRef = 1ACBCF5311EE47E50067E95D /* OpenCTM.xcodeproj */;
				},
			);
			projectRoot = "";
			targets = (
				1AEA251011A73A9200B361DC /* OoliteGraphics */,
			);
		};
/* End PBXProject section */

/* Begin PBXReferenceProxy section */
		1A1A35D711C2F7570086265F /* OoliteBase.framework */ = {
			isa = PBXReferenceProxy;
			fileType = wrapper.framework;
			path = OoliteBase.framework;
			remoteRef = 1A1A35D611C2F7570086265F /* PBXContainerItemProxy */;
			sourceTree = BUILT_PRODUCTS_DIR;
		};
		1ACBCF5811EE47E50067E95D /* libOpenCTM-for-oolite.a */ = {
			isa = PBXReferenceProxy;
			fileType = archive.ar;
			path = "libOpenCTM-for-oolite.a";
			remoteRef = 1ACBCF5711EE47E50067E95D /* PBXContainerItemProxy */;
			sourceTree = BUILT_PRODUCTS_DIR;
		};
		1AD843B71229314400FC382A /* libpng-for-oolite-graphics.a */ = {
			isa = PBXReferenceProxy;
			fileType = archive.ar;
			path = "libpng-for-oolite-graphics.a";
			remoteRef = 1AD843B61229314400FC382A /* PBXContainerItemProxy */;
			sourceTree = BUILT_PRODUCTS_DIR;
		};
/* End PBXReferenceProxy section */

/* Begin PBXResourcesBuildPhase section */
		1AEA250D11A73A9200B361DC /* Resources */ = {
			isa = PBXResourcesBuildPhase;
			buildActionMask = 2147483647;
			files = (
			);
			runOnlyForDeploymentPostprocessing = 0;
		};
/* End PBXResourcesBuildPhase section */

/* Begin PBXShellScriptBuildPhase section */
		1A60EE1411B6FEE900224F2D /* Make headers read-only */ = {
			isa = PBXShellScriptBuildPhase;
			buildActionMask = 2147483647;
			files = (
			);
			inputPaths = (
			);
			name = "Make headers read-only";
			outputPaths = (
			);
			runOnlyForDeploymentPostprocessing = 0;
			shellPath = /bin/sh;
			shellScript = "chmod 444 $CONFIGURATION_BUILD_DIR/$PUBLIC_HEADERS_FOLDER_PATH/*\n";
		};
/* End PBXShellScriptBuildPhase section */

/* Begin PBXSourcesBuildPhase section */
		1AEA250E11A73A9200B361DC /* Sources */ = {
			isa = PBXSourcesBuildPhase;
			buildActionMask = 2147483647;
			files = (
				1AEA251911A73AA400B361DC /* OODATLexer.m in Sources */,
				1AEA251B11A73AA400B361DC /* OODATReader.m in Sources */,
				1A8F1BDC11A882FC00C94CB0 /* OOAbstractFaceGroup.m in Sources */,
				1A8F1CCD11A88CA600C94CB0 /* OOAbstractMesh.m in Sources */,
				1AF426EF11A939F8008E883C /* OOFloatArray.m in Sources */,
				1AF4293511A9897D008E883C /* OOMaterialSpecification.m in Sources */,
				1AF429BB11A98B4D008E883C /* OOTextureSpecification.m in Sources */,
				1AB7395411B10A3300575507 /* OOAbstractVertex.m in Sources */,
				1AB7396011B10B0300575507 /* OOAbstractFace.m in Sources */,
				1AB7399011B10EC800575507 /* OOMeshReader.m in Sources */,
				1A64DCA011B111EC001D8850 /* OOMeshWriter.m in Sources */,
				1A7D35B911B138A100857CEF /* OOIndexArray.m in Sources */,
				1A7D37C611B16C1500857CEF /* OOOBJLexer.m in Sources */,
				1A7D37CA11B16C1E00857CEF /* OOOBJReader.m in Sources */,
				1A062E9C11B2F64E00727C1D /* OODATWriter.m in Sources */,
				1AABAAA711B9C7ED003487D5 /* OOColor.m in Sources */,
				1ABAC2B411C3974A005301BA /* OORenderMesh.m in Sources */,
				1ACBCF6711EE48790067E95D /* OOCTMReader.m in Sources */,
				1AB369EE11F20E90006E68A3 /* OOMeshReading.m in Sources */,
				1AB36A2C11F212B6006E68A3 /* OOAbstractMesh+NormalSynthesis.m in Sources */,
				1A663E4011F25C2D0049AE20 /* OOShaderProgram.m in Sources */,
				1A663E6011F25D370049AE20 /* OOOpenGLExtensionManager.m in Sources */,
				1A988AB011F30C6B00C7CF6B /* OOOpenGLUtilities.m in Sources */,
				1A8A296F11F3A95400775894 /* OOAbstractMesh+Winding.m in Sources */,
				1AD8418C1229211E00FC382A /* OOPNGTextureLoader.m in Sources */,
				1AD8418E1229211E00FC382A /* OOTexture.m in Sources */,
				1AD841911229211E00FC382A /* OOTextureLoader.m in Sources */,
				1AD841961229214100FC382A /* OOConcreteTexture.m in Sources */,
				1AD8419A1229214F00FC382A /* OONullTexture.m in Sources */,
				1AD841A91229217F00FC382A /* OOPixMap.m in Sources */,
				1AD841AB1229217F00FC382A /* OOPixMapChannelOperations.m in Sources */,
				1AD842831229224E00FC382A /* OOPixMapScaling.m in Sources */,
				1AD842BE1229234200FC382A /* OOTextureGenerator.m in Sources */,
			);
			runOnlyForDeploymentPostprocessing = 0;
		};
/* End PBXSourcesBuildPhase section */

/* Begin PBXTargetDependency section */
		1A1A35D911C2F7610086265F /* PBXTargetDependency */ = {
			isa = PBXTargetDependency;
			name = OoliteBase;
			targetProxy = 1A1A35D811C2F7610086265F /* PBXContainerItemProxy */;
		};
		1ACBCF5C11EE47F30067E95D /* PBXTargetDependency */ = {
			isa = PBXTargetDependency;
			name = OpenCTM;
			targetProxy = 1ACBCF5B11EE47F30067E95D /* PBXContainerItemProxy */;
		};
		1AD843B91229315900FC382A /* PBXTargetDependency */ = {
			isa = PBXTargetDependency;
			name = libpng;
			targetProxy = 1AD843B81229315900FC382A /* PBXContainerItemProxy */;
		};
/* End PBXTargetDependency section */

/* Begin XCBuildConfiguration section */
		1A649F7E1323BB1D00C2FDDB /* EndUser */ = {
			isa = XCBuildConfiguration;
			baseConfigurationReference = 1A649F761323BADA00C2FDDB /* oolite-enduser-configuration.xcconfig */;
			buildSettings = {
				OOLITE_ROOT = ../../../;
			};
			name = EndUser;
		};
		1A649F7F1323BB1D00C2FDDB /* EndUser */ = {
			isa = XCBuildConfiguration;
			buildSettings = {
				DYLIB_COMPATIBILITY_VERSION = 1;
				DYLIB_CURRENT_VERSION = 1;
				FRAMEWORK_VERSION = A;
				GCC_ENABLE_OBJC_GC = supported;
				GCC_PRECOMPILE_PREFIX_HEADER = YES;
				GCC_PREFIX_HEADER = "$(CONFIG_SYM_ROOT)/OoliteBase.framework/Headers/OoliteBase.h";
				HEADER_SEARCH_PATHS = (
					"$(DEP_HEADER_PATH)/png/",
					"$(DEP_HEADER_PATH)/OpenCTM/",
				);
				INFOPLIST_FILE = "OoliteGraphics-Info.plist";
				INSTALL_PATH = "@rpath/";
				PRODUCT_NAME = OoliteGraphics;
			};
			name = EndUser;
		};
		1AEA251411A73A9300B361DC /* Debug */ = {
			isa = XCBuildConfiguration;
			buildSettings = {
				DYLIB_COMPATIBILITY_VERSION = 1;
				DYLIB_CURRENT_VERSION = 1;
				FRAMEWORK_VERSION = A;
				GCC_ENABLE_OBJC_GC = supported;
				GCC_PRECOMPILE_PREFIX_HEADER = YES;
				GCC_PREFIX_HEADER = "$(CONFIG_SYM_ROOT)/OoliteBase.framework/Headers/OoliteBase.h";
				GCC_PREPROCESSOR_DEFINITIONS = (
					"OO_CHECK_GL_HEAVY=1",
					$GCC_PREPROCESSOR_DEFINITIONS_CONFIG,
				);
				HEADER_SEARCH_PATHS = (
					"$(DEP_HEADER_PATH)/png/",
					"$(DEP_HEADER_PATH)/OpenCTM/",
				);
				INFOPLIST_FILE = "OoliteGraphics-Info.plist";
				INSTALL_PATH = "@rpath/";
				PRODUCT_NAME = OoliteGraphics;
			};
			name = Debug;
		};
		1AEA251511A73A9300B361DC /* Developer */ = {
			isa = XCBuildConfiguration;
			buildSettings = {
				DYLIB_COMPATIBILITY_VERSION = 1;
				DYLIB_CURRENT_VERSION = 1;
				FRAMEWORK_VERSION = A;
				GCC_ENABLE_OBJC_GC = supported;
				GCC_PRECOMPILE_PREFIX_HEADER = YES;
				GCC_PREFIX_HEADER = "$(CONFIG_SYM_ROOT)/OoliteBase.framework/Headers/OoliteBase.h";
				HEADER_SEARCH_PATHS = (
					"$(DEP_HEADER_PATH)/png/",
					"$(DEP_HEADER_PATH)/OpenCTM/",
				);
				INFOPLIST_FILE = "OoliteGraphics-Info.plist";
				INSTALL_PATH = "@rpath/";
				PRODUCT_NAME = OoliteGraphics;
			};
			name = Developer;
		};
		1DEB922308733DC00010E9CD /* Debug */ = {
			isa = XCBuildConfiguration;
			baseConfigurationReference = 1A649F741323BADA00C2FDDB /* oolite-debug-configuration.xcconfig */;
			buildSettings = {
				OOLITE_ROOT = ../../../;
			};
			name = Debug;
		};
		1DEB922408733DC00010E9CD /* Developer */ = {
			isa = XCBuildConfiguration;
			baseConfigurationReference = 1A649F751323BADA00C2FDDB /* oolite-developer-configuration.xcconfig */;
			buildSettings = {
				OOLITE_ROOT = ../../../;
			};
			name = Developer;
		};
/* End XCBuildConfiguration section */

/* Begin XCConfigurationList section */
		1AEA251611A73A9300B361DC /* Build configuration list for PBXNativeTarget "OoliteGraphics" */ = {
			isa = XCConfigurationList;
			buildConfigurations = (
				1AEA251411A73A9300B361DC /* Debug */,
				1AEA251511A73A9300B361DC /* Developer */,
				1A649F7F1323BB1D00C2FDDB /* EndUser */,
			);
			defaultConfigurationIsVisible = 0;
			defaultConfigurationName = Developer;
		};
		1DEB922208733DC00010E9CD /* Build configuration list for PBXProject "OoliteGraphics" */ = {
			isa = XCConfigurationList;
			buildConfigurations = (
				1DEB922308733DC00010E9CD /* Debug */,
				1DEB922408733DC00010E9CD /* Developer */,
				1A649F7E1323BB1D00C2FDDB /* EndUser */,
			);
			defaultConfigurationIsVisible = 0;
			defaultConfigurationName = Developer;
		};
/* End XCConfigurationList section */
	};
	rootObject = 0867D690FE84028FC02AAC07 /* Project object */;
}
