// !$*UTF8*$!
{
	archiveVersion = 1;
	classes = {
	};
	objectVersion = 45;
	objects = {

/* Begin PBXAggregateTarget section */
		1A50F54111B6DB6F005D584E /* Build Everything */ = {
			isa = PBXAggregateTarget;
			buildConfigurationList = 1A50F54411B6DB81005D584E /* Build configuration list for PBXAggregateTarget "Build Everything" */;
			buildPhases = (
			);
			dependencies = (
				1A55BD38130B24EE006C38DE /* PBXTargetDependency */,
				1A55BD3A130B24EE006C38DE /* PBXTargetDependency */,
				1A55BD36130B24EE006C38DE /* PBXTargetDependency */,
				1A55BD3C130B24EE006C38DE /* PBXTargetDependency */,
				1A4587F611F89656000CBCF0 /* PBXTargetDependency */,
			);
			name = "Build Everything";
			productName = "Build Everything";
		};
/* End PBXAggregateTarget section */

/* Begin PBXContainerItemProxy section */
		1A1A37F411C2F9D10086265F /* PBXContainerItemProxy */ = {
			isa = PBXContainerItemProxy;
			containerPortal = 1A1A37F011C2F9D10086265F /* OoliteBase.xcodeproj */;
			proxyType = 2;
			remoteGlobalIDString = 8DC2EF5B0486A6940098B216;
			remoteInfo = OoliteBase;
		};
		1A1A37FA11C2F9E20086265F /* PBXContainerItemProxy */ = {
			isa = PBXContainerItemProxy;
			containerPortal = 1A1A37F611C2F9E20086265F /* OoliteGraphics.xcodeproj */;
			proxyType = 2;
			remoteGlobalIDString = 1AEA251111A73A9200B361DC;
			remoteInfo = OoliteGraphics;
		};
		1A4587F311F8964F000CBCF0 /* PBXContainerItemProxy */ = {
			isa = PBXContainerItemProxy;
			containerPortal = 1A4587E911F8964E000CBCF0 /* DryDock2.xcodeproj */;
			proxyType = 2;
			remoteGlobalIDString = 8D15AC370486D014006FF6A4;
			remoteInfo = DryDock2;
		};
		1A4587F511F89656000CBCF0 /* PBXContainerItemProxy */ = {
			isa = PBXContainerItemProxy;
			containerPortal = 1A4587E911F8964E000CBCF0 /* DryDock2.xcodeproj */;
			proxyType = 1;
			remoteGlobalIDString = 8D15AC270486D014006FF6A4;
			remoteInfo = DryDock2;
		};
		1A55BD27130B24D4006C38DE /* PBXContainerItemProxy */ = {
			isa = PBXContainerItemProxy;
			containerPortal = 1A1A37E611C2F9C30086265F /* oobasicconverter.xcodeproj */;
			proxyType = 2;
			remoteGlobalIDString = 8DD76FA10486AA7600D96B5E /* oobasicconverter */;
			remoteInfo = oobasicconverter;
		};
		1A55BD33130B24E1006C38DE /* PBXContainerItemProxy */ = {
			isa = PBXContainerItemProxy;
			containerPortal = 1A50F55611B6DB9D005D584E /* oomergemesh.xcodeproj */;
			proxyType = 2;
			remoteGlobalIDString = 8DD76FA10486AA7600D96B5E /* oomergemesh */;
			remoteInfo = oomergemesh;
		};
		1A55BD35130B24EE006C38DE /* PBXContainerItemProxy */ = {
			isa = PBXContainerItemProxy;
			containerPortal = 1A1A37E611C2F9C30086265F /* oobasicconverter.xcodeproj */;
			proxyType = 1;
			remoteGlobalIDString = 8DD76F960486AA7600D96B5E /* oobasicconverter */;
			remoteInfo = oobasicconverter;
		};
		1A55BD37130B24EE006C38DE /* PBXContainerItemProxy */ = {
			isa = PBXContainerItemProxy;
			containerPortal = 1A1A37F011C2F9D10086265F /* OoliteBase.xcodeproj */;
			proxyType = 1;
			remoteGlobalIDString = 8DC2EF4F0486A6940098B216 /* OoliteBase */;
			remoteInfo = OoliteBase;
		};
		1A55BD39130B24EE006C38DE /* PBXContainerItemProxy */ = {
			isa = PBXContainerItemProxy;
			containerPortal = 1A1A37F611C2F9E20086265F /* OoliteGraphics.xcodeproj */;
			proxyType = 1;
			remoteGlobalIDString = 1AEA251011A73A9200B361DC /* OoliteGraphics */;
			remoteInfo = OoliteGraphics;
		};
		1A55BD3B130B24EE006C38DE /* PBXContainerItemProxy */ = {
			isa = PBXContainerItemProxy;
			containerPortal = 1A50F55611B6DB9D005D584E /* oomergemesh.xcodeproj */;
			proxyType = 1;
			remoteGlobalIDString = 8DD76F960486AA7600D96B5E /* oomergemesh */;
			remoteInfo = oomergemesh;
		};
/* End PBXContainerItemProxy section */

/* Begin PBXFileReference section */
		1A1A37E611C2F9C30086265F /* oobasicconverter.xcodeproj */ = {isa = PBXFileReference; lastKnownFileType = "wrapper.pb-project"; name = oobasicconverter.xcodeproj; path = oobasicconverter/Mac/oobasicconverter.xcodeproj; sourceTree = "<group>"; };
		1A1A37F011C2F9D10086265F /* OoliteBase.xcodeproj */ = {isa = PBXFileReference; lastKnownFileType = "wrapper.pb-project"; name = OoliteBase.xcodeproj; path = OoliteBase/Mac/OoliteBase.xcodeproj; sourceTree = "<group>"; };
		1A1A37F611C2F9E20086265F /* OoliteGraphics.xcodeproj */ = {isa = PBXFileReference; lastKnownFileType = "wrapper.pb-project"; name = OoliteGraphics.xcodeproj; path = OoliteGraphics/Mac/OoliteGraphics.xcodeproj; sourceTree = "<group>"; };
		1A4587E911F8964E000CBCF0 /* DryDock2.xcodeproj */ = {isa = PBXFileReference; lastKnownFileType = "wrapper.pb-project"; name = DryDock2.xcodeproj; path = DryDock2/DryDock2.xcodeproj; sourceTree = "<group>"; };
		1A50F55611B6DB9D005D584E /* oomergemesh.xcodeproj */ = {isa = PBXFileReference; lastKnownFileType = "wrapper.pb-project"; name = oomergemesh.xcodeproj; path = oomergemesh/Mac/oomergemesh.xcodeproj; sourceTree = "<group>"; };
		1A50F56511B6DBBF005D584E /* oolite-shared-settings.xcconfig */ = {isa = PBXFileReference; fileEncoding = 4; lastKnownFileType = text.xcconfig; name = "oolite-shared-settings.xcconfig"; path = "Config/oolite-shared-settings.xcconfig"; sourceTree = "<group>"; };
/* End PBXFileReference section */

/* Begin PBXGroup section */
		1A1A37F111C2F9D10086265F /* Products */ = {
			isa = PBXGroup;
			children = (
				1A1A37F511C2F9D10086265F /* OoliteBase.framework */,
			);
			name = Products;
			sourceTree = "<group>";
		};
		1A1A37F711C2F9E20086265F /* Products */ = {
			isa = PBXGroup;
			children = (
				1A1A37FB11C2F9E20086265F /* OoliteGraphics.framework */,
			);
			name = Products;
			sourceTree = "<group>";
		};
		1A4587EA11F8964E000CBCF0 /* Products */ = {
			isa = PBXGroup;
			children = (
				1A4587F411F8964F000CBCF0 /* Dry Dock for Oolite.app */,
			);
			name = Products;
			sourceTree = "<group>";
		};
		1A55BD24130B24D4006C38DE /* Products */ = {
			isa = PBXGroup;
			children = (
				1A55BD28130B24D4006C38DE /* oobasicconverter */,
			);
			name = Products;
			sourceTree = "<group>";
		};
		1A55BD30130B24E1006C38DE /* Products */ = {
			isa = PBXGroup;
			children = (
				1A55BD34130B24E1006C38DE /* oomergemesh */,
			);
			name = Products;
			sourceTree = "<group>";
		};
		1A60ECF611B6DF7D00224F2D /* Components */ = {
			isa = PBXGroup;
			children = (
				1A1A37F011C2F9D10086265F /* OoliteBase.xcodeproj */,
				1A1A37F611C2F9E20086265F /* OoliteGraphics.xcodeproj */,
			);
			path = Components;
			sourceTree = "<group>";
		};
		1A60ECF711B6DF8200224F2D /* Tools */ = {
			isa = PBXGroup;
			children = (
				1A1A37E611C2F9C30086265F /* oobasicconverter.xcodeproj */,
				1A50F55611B6DB9D005D584E /* oomergemesh.xcodeproj */,
				1A4587E911F8964E000CBCF0 /* DryDock2.xcodeproj */,
			);
			path = Tools;
			sourceTree = "<group>";
		};
		1AE4E99111B6DAF600A85342 = {
			isa = PBXGroup;
			children = (
				1A50F56511B6DBBF005D584E /* oolite-shared-settings.xcconfig */,
				1A60ECF611B6DF7D00224F2D /* Components */,
				1A60ECF711B6DF8200224F2D /* Tools */,
			);
			sourceTree = "<group>";
		};
/* End PBXGroup section */

/* Begin PBXProject section */
		1AE4E99311B6DAF600A85342 /* Project object */ = {
			isa = PBXProject;
			attributes = {
				BuildIndependentTargetsInParallel = YES;
			};
			buildConfigurationList = 1AE4E99611B6DAF600A85342 /* Build configuration list for PBXProject "Build_Everything" */;
			compatibilityVersion = "Xcode 3.1";
			developmentRegion = English;
			hasScannedForEncodings = 0;
			knownRegions = (
				English,
				Japanese,
				French,
				German,
			);
			mainGroup = 1AE4E99111B6DAF600A85342;
			projectDirPath = "";
			projectReferences = (
				{
					ProductGroup = 1A4587EA11F8964E000CBCF0 /* Products */;
					ProjectRef = 1A4587E911F8964E000CBCF0 /* DryDock2.xcodeproj */;
				},
				{
					ProductGroup = 1A55BD24130B24D4006C38DE /* Products */;
					ProjectRef = 1A1A37E611C2F9C30086265F /* oobasicconverter.xcodeproj */;
				},
				{
					ProductGroup = 1A1A37F111C2F9D10086265F /* Products */;
					ProjectRef = 1A1A37F011C2F9D10086265F /* OoliteBase.xcodeproj */;
				},
				{
					ProductGroup = 1A1A37F711C2F9E20086265F /* Products */;
					ProjectRef = 1A1A37F611C2F9E20086265F /* OoliteGraphics.xcodeproj */;
				},
				{
					ProductGroup = 1A55BD30130B24E1006C38DE /* Products */;
					ProjectRef = 1A50F55611B6DB9D005D584E /* oomergemesh.xcodeproj */;
				},
			);
			projectRoot = "";
			targets = (
				1A50F54111B6DB6F005D584E /* Build Everything */,
			);
		};
/* End PBXProject section */

/* Begin PBXReferenceProxy section */
		1A1A37F511C2F9D10086265F /* OoliteBase.framework */ = {
			isa = PBXReferenceProxy;
			fileType = wrapper.framework;
			path = OoliteBase.framework;
			remoteRef = 1A1A37F411C2F9D10086265F /* PBXContainerItemProxy */;
			sourceTree = BUILT_PRODUCTS_DIR;
		};
		1A1A37FB11C2F9E20086265F /* OoliteGraphics.framework */ = {
			isa = PBXReferenceProxy;
			fileType = wrapper.framework;
			path = OoliteGraphics.framework;
			remoteRef = 1A1A37FA11C2F9E20086265F /* PBXContainerItemProxy */;
			sourceTree = BUILT_PRODUCTS_DIR;
		};
		1A4587F411F8964F000CBCF0 /* Dry Dock for Oolite.app */ = {
			isa = PBXReferenceProxy;
			fileType = wrapper.application;
			path = "Dry Dock for Oolite.app";
			remoteRef = 1A4587F311F8964F000CBCF0 /* PBXContainerItemProxy */;
			sourceTree = BUILT_PRODUCTS_DIR;
		};
		1A55BD28130B24D4006C38DE /* oobasicconverter */ = {
			isa = PBXReferenceProxy;
			fileType = "compiled.mach-o.executable";
			path = oobasicconverter;
			remoteRef = 1A55BD27130B24D4006C38DE /* PBXContainerItemProxy */;
			sourceTree = BUILT_PRODUCTS_DIR;
		};
		1A55BD34130B24E1006C38DE /* oomergemesh */ = {
			isa = PBXReferenceProxy;
			fileType = "compiled.mach-o.executable";
			path = oomergemesh;
			remoteRef = 1A55BD33130B24E1006C38DE /* PBXContainerItemProxy */;
			sourceTree = BUILT_PRODUCTS_DIR;
		};
/* End PBXReferenceProxy section */

/* Begin PBXTargetDependency section */
		1A4587F611F89656000CBCF0 /* PBXTargetDependency */ = {
			isa = PBXTargetDependency;
			name = DryDock2;
			targetProxy = 1A4587F511F89656000CBCF0 /* PBXContainerItemProxy */;
		};
		1A55BD36130B24EE006C38DE /* PBXTargetDependency */ = {
			isa = PBXTargetDependency;
			name = oobasicconverter;
			targetProxy = 1A55BD35130B24EE006C38DE /* PBXContainerItemProxy */;
		};
		1A55BD38130B24EE006C38DE /* PBXTargetDependency */ = {
			isa = PBXTargetDependency;
			name = OoliteBase;
			targetProxy = 1A55BD37130B24EE006C38DE /* PBXContainerItemProxy */;
		};
		1A55BD3A130B24EE006C38DE /* PBXTargetDependency */ = {
			isa = PBXTargetDependency;
			name = OoliteGraphics;
			targetProxy = 1A55BD39130B24EE006C38DE /* PBXContainerItemProxy */;
		};
		1A55BD3C130B24EE006C38DE /* PBXTargetDependency */ = {
			isa = PBXTargetDependency;
			name = oomergemesh;
			targetProxy = 1A55BD3B130B24EE006C38DE /* PBXContainerItemProxy */;
		};
/* End PBXTargetDependency section */

/* Begin XCBuildConfiguration section */
		1A50F54211B6DB6F005D584E /* Debug */ = {
			isa = XCBuildConfiguration;
			buildSettings = {
				PRODUCT_NAME = "Build Everything";
			};
			name = Debug;
		};
		1A50F54311B6DB6F005D584E /* Release */ = {
			isa = XCBuildConfiguration;
			buildSettings = {
				COPY_PHASE_STRIP = YES;
				PRODUCT_NAME = "Build Everything";
			};
			name = Release;
		};
		1AE4E99411B6DAF600A85342 /* Debug */ = {
			isa = XCBuildConfiguration;
			baseConfigurationReference = 1A50F56511B6DBBF005D584E /* oolite-shared-settings.xcconfig */;
			buildSettings = {
				COPY_PHASE_STRIP = NO;
			};
			name = Debug;
		};
		1AE4E99511B6DAF600A85342 /* Release */ = {
			isa = XCBuildConfiguration;
			baseConfigurationReference = 1A50F56511B6DBBF005D584E /* oolite-shared-settings.xcconfig */;
			buildSettings = {
				COPY_PHASE_STRIP = YES;
			};
			name = Release;
		};
/* End XCBuildConfiguration section */

/* Begin XCConfigurationList section */
		1A50F54411B6DB81005D584E /* Build configuration list for PBXAggregateTarget "Build Everything" */ = {
			isa = XCConfigurationList;
			buildConfigurations = (
				1A50F54211B6DB6F005D584E /* Debug */,
				1A50F54311B6DB6F005D584E /* Release */,
			);
			defaultConfigurationIsVisible = 0;
			defaultConfigurationName = Release;
		};
		1AE4E99611B6DAF600A85342 /* Build configuration list for PBXProject "Build_Everything" */ = {
			isa = XCConfigurationList;
			buildConfigurations = (
				1AE4E99411B6DAF600A85342 /* Debug */,
				1AE4E99511B6DAF600A85342 /* Release */,
			);
			defaultConfigurationIsVisible = 0;
			defaultConfigurationName = Release;
		};
/* End XCConfigurationList section */
	};
	rootObject = 1AE4E99311B6DAF600A85342 /* Project object */;
}
