// !$*UTF8*$!
{
	archiveVersion = 1;
	classes = {
	};
	objectVersion = 45;
	objects = {

/* Begin PBXBuildFile section */
		1AEA254111A73B8800B361DC /* OOMesh.framework in Frameworks */ = {isa = PBXBuildFile; fileRef = 1AEA252E11A73AB100B361DC /* OOMesh.framework */; };
		1AEA258811A73E5D00B361DC /* OOMesh.framework in Copy Framework */ = {isa = PBXBuildFile; fileRef = 1AEA252E11A73AB100B361DC /* OOMesh.framework */; };
		8DD76F9A0486AA7600D96B5E /* OOMDATReaderTest.m in Sources */ = {isa = PBXBuildFile; fileRef = 08FB7796FE84155DC02AAC07 /* OOMDATReaderTest.m */; settings = {ATTRIBUTES = (); }; };
		8DD76F9C0486AA7600D96B5E /* Foundation.framework in Frameworks */ = {isa = PBXBuildFile; fileRef = 08FB779EFE84155DC02AAC07 /* Foundation.framework */; };
/* End PBXBuildFile section */

/* Begin PBXContainerItemProxy section */
		1AEA252D11A73AB100B361DC /* PBXContainerItemProxy */ = {
			isa = PBXContainerItemProxy;
			containerPortal = 1AEA236C11A72E6600B361DC /* oomesh.xcodeproj */;
			proxyType = 2;
			remoteGlobalIDString = 1AEA251111A73A9200B361DC /* OOMesh.framework */;
			remoteInfo = OOMesh;
		};
		1AEA253F11A73B7C00B361DC /* PBXContainerItemProxy */ = {
			isa = PBXContainerItemProxy;
			containerPortal = 1AEA236C11A72E6600B361DC /* oomesh.xcodeproj */;
			proxyType = 1;
			remoteGlobalIDString = 1AEA251011A73A9200B361DC /* OOMesh */;
			remoteInfo = OOMesh;
		};
/* End PBXContainerItemProxy section */

/* Begin PBXCopyFilesBuildPhase section */
		1AEA258E11A73E6E00B361DC /* Copy Framework */ = {
			isa = PBXCopyFilesBuildPhase;
			buildActionMask = 2147483647;
			dstPath = "";
			dstSubfolderSpec = 16;
			files = (
				1AEA258811A73E5D00B361DC /* OOMesh.framework in Copy Framework */,
			);
			name = "Copy Framework";
			runOnlyForDeploymentPostprocessing = 0;
		};
/* End PBXCopyFilesBuildPhase section */

/* Begin PBXFileReference section */
		08FB7796FE84155DC02AAC07 /* OOMDATReaderTest.m */ = {isa = PBXFileReference; fileEncoding = 4; lastKnownFileType = sourcecode.c.objc; path = OOMDATReaderTest.m; sourceTree = "<group>"; };
		08FB779EFE84155DC02AAC07 /* Foundation.framework */ = {isa = PBXFileReference; lastKnownFileType = wrapper.framework; name = Foundation.framework; path = /System/Library/Frameworks/Foundation.framework; sourceTree = "<absolute>"; };
		1AEA236C11A72E6600B361DC /* oomesh.xcodeproj */ = {isa = PBXFileReference; lastKnownFileType = "wrapper.pb-project"; name = oomesh.xcodeproj; path = ../../liboomesh/oomesh.xcodeproj; sourceTree = SOURCE_ROOT; };
		1AEA254611A73BC700B361DC /* OOMDATReaderTest_prefix.h */ = {isa = PBXFileReference; fileEncoding = 4; lastKnownFileType = sourcecode.c.h; path = OOMDATReaderTest_prefix.h; sourceTree = "<group>"; };
		8DD76FA10486AA7600D96B5E /* OOMDATReaderTest */ = {isa = PBXFileReference; explicitFileType = "compiled.mach-o.executable"; includeInIndex = 0; path = OOMDATReaderTest; sourceTree = BUILT_PRODUCTS_DIR; };
/* End PBXFileReference section */

/* Begin PBXFrameworksBuildPhase section */
		8DD76F9B0486AA7600D96B5E /* Frameworks */ = {
			isa = PBXFrameworksBuildPhase;
			buildActionMask = 2147483647;
			files = (
				8DD76F9C0486AA7600D96B5E /* Foundation.framework in Frameworks */,
				1AEA254111A73B8800B361DC /* OOMesh.framework in Frameworks */,
			);
			runOnlyForDeploymentPostprocessing = 0;
		};
/* End PBXFrameworksBuildPhase section */

/* Begin PBXGroup section */
		08FB7794FE84155DC02AAC07 /* OOMDATReaderTest */ = {
			isa = PBXGroup;
			children = (
				08FB7795FE84155DC02AAC07 /* Source */,
				08FB779DFE84155DC02AAC07 /* External Frameworks and Libraries */,
				1AB674ADFE9D54B511CA2CBB /* Products */,
			);
			name = OOMDATReaderTest;
			sourceTree = "<group>";
		};
		08FB7795FE84155DC02AAC07 /* Source */ = {
			isa = PBXGroup;
			children = (
				08FB7796FE84155DC02AAC07 /* OOMDATReaderTest.m */,
				1AEA254611A73BC700B361DC /* OOMDATReaderTest_prefix.h */,
			);
			name = Source;
			sourceTree = "<group>";
		};
		08FB779DFE84155DC02AAC07 /* External Frameworks and Libraries */ = {
			isa = PBXGroup;
			children = (
				1AEA236C11A72E6600B361DC /* oomesh.xcodeproj */,
				08FB779EFE84155DC02AAC07 /* Foundation.framework */,
			);
			name = "External Frameworks and Libraries";
			sourceTree = "<group>";
		};
		1AB674ADFE9D54B511CA2CBB /* Products */ = {
			isa = PBXGroup;
			children = (
				8DD76FA10486AA7600D96B5E /* OOMDATReaderTest */,
			);
			name = Products;
			sourceTree = "<group>";
		};
		1AEA236D11A72E6600B361DC /* Products */ = {
			isa = PBXGroup;
			children = (
				1AEA252E11A73AB100B361DC /* OOMesh.framework */,
			);
			name = Products;
			sourceTree = "<group>";
		};
/* End PBXGroup section */

/* Begin PBXNativeTarget section */
		8DD76F960486AA7600D96B5E /* OOMDATReaderTest */ = {
			isa = PBXNativeTarget;
			buildConfigurationList = 1DEB927408733DD40010E9CD /* Build configuration list for PBXNativeTarget "OOMDATReaderTest" */;
			buildPhases = (
				8DD76F990486AA7600D96B5E /* Sources */,
				8DD76F9B0486AA7600D96B5E /* Frameworks */,
				1AEA258E11A73E6E00B361DC /* Copy Framework */,
			);
			buildRules = (
			);
			dependencies = (
				1AEA254011A73B7C00B361DC /* PBXTargetDependency */,
			);
			name = OOMDATReaderTest;
			productInstallPath = "$(HOME)/bin";
			productName = OOMDATReaderTest;
			productReference = 8DD76FA10486AA7600D96B5E /* OOMDATReaderTest */;
			productType = "com.apple.product-type.tool";
		};
/* End PBXNativeTarget section */

/* Begin PBXProject section */
		08FB7793FE84155DC02AAC07 /* Project object */ = {
			isa = PBXProject;
			buildConfigurationList = 1DEB927808733DD40010E9CD /* Build configuration list for PBXProject "OOMDATReaderTest" */;
			compatibilityVersion = "Xcode 3.1";
			hasScannedForEncodings = 1;
			mainGroup = 08FB7794FE84155DC02AAC07 /* OOMDATReaderTest */;
			projectDirPath = "";
			projectReferences = (
				{
					ProductGroup = 1AEA236D11A72E6600B361DC /* Products */;
					ProjectRef = 1AEA236C11A72E6600B361DC /* oomesh.xcodeproj */;
				},
			);
			projectRoot = "";
			targets = (
				8DD76F960486AA7600D96B5E /* OOMDATReaderTest */,
			);
		};
/* End PBXProject section */

/* Begin PBXReferenceProxy section */
		1AEA252E11A73AB100B361DC /* OOMesh.framework */ = {
			isa = PBXReferenceProxy;
			fileType = wrapper.framework;
			path = OOMesh.framework;
			remoteRef = 1AEA252D11A73AB100B361DC /* PBXContainerItemProxy */;
			sourceTree = BUILT_PRODUCTS_DIR;
		};
/* End PBXReferenceProxy section */

/* Begin PBXSourcesBuildPhase section */
		8DD76F990486AA7600D96B5E /* Sources */ = {
			isa = PBXSourcesBuildPhase;
			buildActionMask = 2147483647;
			files = (
				8DD76F9A0486AA7600D96B5E /* OOMDATReaderTest.m in Sources */,
			);
			runOnlyForDeploymentPostprocessing = 0;
		};
/* End PBXSourcesBuildPhase section */

/* Begin PBXTargetDependency section */
		1AEA254011A73B7C00B361DC /* PBXTargetDependency */ = {
			isa = PBXTargetDependency;
			name = OOMesh;
			targetProxy = 1AEA253F11A73B7C00B361DC /* PBXContainerItemProxy */;
		};
/* End PBXTargetDependency section */

/* Begin XCBuildConfiguration section */
		1DEB927508733DD40010E9CD /* Debug */ = {
			isa = XCBuildConfiguration;
			buildSettings = {
				ALWAYS_SEARCH_USER_PATHS = NO;
				COPY_PHASE_STRIP = NO;
				FRAMEWORK_SEARCH_PATHS = ../../liboomesh/build/$CONFIGURATION/;
				GCC_DYNAMIC_NO_PIC = NO;
				GCC_ENABLE_FIX_AND_CONTINUE = YES;
				GCC_MODEL_TUNING = G5;
				GCC_OPTIMIZATION_LEVEL = 0;
				GCC_PREFIX_HEADER = OOMDATReaderTest_prefix.h;
				INSTALL_PATH = /usr/local/bin;
				LD_RUNPATH_SEARCH_PATHS = "@executable_path/";
				PRODUCT_NAME = OOMDATReaderTest;
			};
			name = Debug;
		};
		1DEB927608733DD40010E9CD /* Release */ = {
			isa = XCBuildConfiguration;
			buildSettings = {
				ALWAYS_SEARCH_USER_PATHS = NO;
				DEBUG_INFORMATION_FORMAT = "dwarf-with-dsym";
				FRAMEWORK_SEARCH_PATHS = ../../liboomesh/build/$CONFIGURATION/;
				GCC_MODEL_TUNING = G5;
				GCC_PREFIX_HEADER = OOMDATReaderTest_prefix.h;
				INSTALL_PATH = /usr/local/bin;
				LD_RUNPATH_SEARCH_PATHS = "@executable_path/";
				PRODUCT_NAME = OOMDATReaderTest;
			};
			name = Release;
		};
		1DEB927908733DD40010E9CD /* Debug */ = {
			isa = XCBuildConfiguration;
			buildSettings = {
				ARCHS = "$(ARCHS_STANDARD_32_64_BIT)";
				GCC_C_LANGUAGE_STANDARD = gnu99;
				GCC_OPTIMIZATION_LEVEL = 0;
				GCC_WARN_ABOUT_RETURN_TYPE = YES;
				GCC_WARN_UNUSED_VARIABLE = YES;
				ONLY_ACTIVE_ARCH = YES;
				PREBINDING = NO;
				SDKROOT = macosx10.6;
			};
			name = Debug;
		};
		1DEB927A08733DD40010E9CD /* Release */ = {
			isa = XCBuildConfiguration;
			buildSettings = {
				ARCHS = "$(ARCHS_STANDARD_32_64_BIT)";
				GCC_C_LANGUAGE_STANDARD = gnu99;
				GCC_WARN_ABOUT_RETURN_TYPE = YES;
				GCC_WARN_UNUSED_VARIABLE = YES;
				PREBINDING = NO;
				SDKROOT = macosx10.6;
			};
			name = Release;
		};
/* End XCBuildConfiguration section */

/* Begin XCConfigurationList section */
		1DEB927408733DD40010E9CD /* Build configuration list for PBXNativeTarget "OOMDATReaderTest" */ = {
			isa = XCConfigurationList;
			buildConfigurations = (
				1DEB927508733DD40010E9CD /* Debug */,
				1DEB927608733DD40010E9CD /* Release */,
			);
			defaultConfigurationIsVisible = 0;
			defaultConfigurationName = Release;
		};
		1DEB927808733DD40010E9CD /* Build configuration list for PBXProject "OOMDATReaderTest" */ = {
			isa = XCConfigurationList;
			buildConfigurations = (
				1DEB927908733DD40010E9CD /* Debug */,
				1DEB927A08733DD40010E9CD /* Release */,
			);
			defaultConfigurationIsVisible = 0;
			defaultConfigurationName = Release;
		};
/* End XCConfigurationList section */
	};
	rootObject = 08FB7793FE84155DC02AAC07 /* Project object */;
}
