// !$*UTF8*$!
{
	archiveVersion = 1;
	classes = {
	};
	objectVersion = 45;
	objects = {

/* Begin PBXBuildFile section */
		1A0ECCC711A83F6E003C2D79 /* OOFastArithmetic.m in Sources */ = {isa = PBXBuildFile; fileRef = 1A0ECCC611A83F6E003C2D79 /* OOFastArithmetic.m */; };
		1A8F1BDB11A882FC00C94CB0 /* OOMFaceGroup.h in Headers */ = {isa = PBXBuildFile; fileRef = 1A8F1BD911A882FC00C94CB0 /* OOMFaceGroup.h */; settings = {ATTRIBUTES = (Public, ); }; };
		1A8F1BDC11A882FC00C94CB0 /* OOMFaceGroup.m in Sources */ = {isa = PBXBuildFile; fileRef = 1A8F1BDA11A882FC00C94CB0 /* OOMFaceGroup.m */; };
		1A8F1C6911A884F400C94CB0 /* OOMFace.h in Headers */ = {isa = PBXBuildFile; fileRef = 1A8F1C6711A884F400C94CB0 /* OOMFace.h */; settings = {ATTRIBUTES = (Public, ); }; };
		1A8F1C6A11A884F400C94CB0 /* OOMFace.m in Sources */ = {isa = PBXBuildFile; fileRef = 1A8F1C6811A884F400C94CB0 /* OOMFace.m */; };
		1A8F1CCC11A88CA600C94CB0 /* OOMMesh.h in Headers */ = {isa = PBXBuildFile; fileRef = 1A8F1CCA11A88CA600C94CB0 /* OOMMesh.h */; settings = {ATTRIBUTES = (Public, ); }; };
		1A8F1CCD11A88CA600C94CB0 /* OOMMesh.m in Sources */ = {isa = PBXBuildFile; fileRef = 1A8F1CCB11A88CA600C94CB0 /* OOMMesh.m */; };
		1A8F1CEB11A8904B00C94CB0 /* OOMOOMeshWriter.h in Headers */ = {isa = PBXBuildFile; fileRef = 1A8F1CE911A8904B00C94CB0 /* OOMOOMeshWriter.h */; settings = {ATTRIBUTES = (Public, ); }; };
		1A8F1CEC11A8904B00C94CB0 /* OOMOOMeshWriter.m in Sources */ = {isa = PBXBuildFile; fileRef = 1A8F1CEA11A8904B00C94CB0 /* OOMOOMeshWriter.m */; };
		1AEA251711A73AA100B361DC /* liboomeshbase.h in Headers */ = {isa = PBXBuildFile; fileRef = 1AAB4ABE11A5D94E005F2081 /* liboomeshbase.h */; settings = {ATTRIBUTES = (Public, ); }; };
		1AEA251811A73AA300B361DC /* OOMDATLexer.h in Headers */ = {isa = PBXBuildFile; fileRef = 1AEA232E11A728C100B361DC /* OOMDATLexer.h */; settings = {ATTRIBUTES = (Private, ); }; };
		1AEA251911A73AA400B361DC /* OOMDATLexer.m in Sources */ = {isa = PBXBuildFile; fileRef = 1AEA232F11A728C100B361DC /* OOMDATLexer.m */; };
		1AEA251A11A73AA400B361DC /* OOMDATReader.h in Headers */ = {isa = PBXBuildFile; fileRef = 1AEA235C11A72E0B00B361DC /* OOMDATReader.h */; settings = {ATTRIBUTES = (Public, ); }; };
		1AEA251B11A73AA400B361DC /* OOMDATReader.m in Sources */ = {isa = PBXBuildFile; fileRef = 1AEA235D11A72E0B00B361DC /* OOMDATReader.m */; };
		1AEA251C11A73AA500B361DC /* OOMProblemReportManager.h in Headers */ = {isa = PBXBuildFile; fileRef = 1AEA233711A729F000B361DC /* OOMProblemReportManager.h */; settings = {ATTRIBUTES = (Public, ); }; };
		1AEA251D11A73AA500B361DC /* OOMProblemReportManager.m in Sources */ = {isa = PBXBuildFile; fileRef = 1AEA234E11A72C7200B361DC /* OOMProblemReportManager.m */; };
		1AEA251E11A73AA500B361DC /* OOMVertex.h in Headers */ = {isa = PBXBuildFile; fileRef = 1AAB4AB511A5D894005F2081 /* OOMVertex.h */; settings = {ATTRIBUTES = (Public, ); }; };
		1AEA251F11A73AA600B361DC /* OOMVertex.m in Sources */ = {isa = PBXBuildFile; fileRef = 1AAB4AB611A5D894005F2081 /* OOMVertex.m */; };
		1AEA252011A73AA900B361DC /* OOCollectionExtractors.h in Headers */ = {isa = PBXBuildFile; fileRef = 1A864C3D11A5E85C008CDC78 /* OOCollectionExtractors.h */; settings = {ATTRIBUTES = (Public, ); }; };
		1AEA252111A73AAA00B361DC /* OOCollectionExtractors.m in Sources */ = {isa = PBXBuildFile; fileRef = 1A864C3E11A5E85C008CDC78 /* OOCollectionExtractors.m */; };
		1AEA252211A73AAA00B361DC /* OOFastArithmetic.h in Headers */ = {isa = PBXBuildFile; fileRef = 1AAB4AC711A5D9D8005F2081 /* OOFastArithmetic.h */; settings = {ATTRIBUTES = (Public, ); }; };
		1AEA252311A73AAB00B361DC /* OOFunctionAttributes.h in Headers */ = {isa = PBXBuildFile; fileRef = 1AAB4AC811A5D9D8005F2081 /* OOFunctionAttributes.h */; settings = {ATTRIBUTES = (Public, ); }; };
		1AEA252411A73AAB00B361DC /* OOMaths.h in Headers */ = {isa = PBXBuildFile; fileRef = 1AAB4AC911A5D9D8005F2081 /* OOMaths.h */; settings = {ATTRIBUTES = (Public, ); }; };
		1AEA252511A73AAC00B361DC /* OOMatrix.h in Headers */ = {isa = PBXBuildFile; fileRef = 1AAB4ACA11A5D9D8005F2081 /* OOMatrix.h */; settings = {ATTRIBUTES = (Public, ); }; };
		1AEA252611A73AAC00B361DC /* OOMatrix.m in Sources */ = {isa = PBXBuildFile; fileRef = 1AAB4ACB11A5D9D8005F2081 /* OOMatrix.m */; };
		1AEA252711A73AAD00B361DC /* OOQuaternion.h in Headers */ = {isa = PBXBuildFile; fileRef = 1AAB4ACC11A5D9D8005F2081 /* OOQuaternion.h */; settings = {ATTRIBUTES = (Public, ); }; };
		1AEA252811A73AAD00B361DC /* OOQuaternion.m in Sources */ = {isa = PBXBuildFile; fileRef = 1AAB4ACD11A5D9D8005F2081 /* OOQuaternion.m */; };
		1AEA252911A73AAD00B361DC /* OOVector.h in Headers */ = {isa = PBXBuildFile; fileRef = 1AAB4ACE11A5D9D8005F2081 /* OOVector.h */; settings = {ATTRIBUTES = (Public, ); }; };
		1AEA252A11A73AAE00B361DC /* OOVector.m in Sources */ = {isa = PBXBuildFile; fileRef = 1AAB4ACF11A5D9D8005F2081 /* OOVector.m */; };
		1AEA252B11A73AB000B361DC /* CollectionUtils.m in Sources */ = {isa = PBXBuildFile; fileRef = 1A864C9011A5EC26008CDC78 /* CollectionUtils.m */; };
		1AEA252F11A73AB100B361DC /* CollectionUtils.h in Headers */ = {isa = PBXBuildFile; fileRef = 1A864C8F11A5EC26008CDC78 /* CollectionUtils.h */; settings = {ATTRIBUTES = (Public, ); }; };
		1AEA253111A73ABA00B361DC /* Foundation.framework in Frameworks */ = {isa = PBXBuildFile; fileRef = 0867D69BFE84028FC02AAC07 /* Foundation.framework */; };
		1AEA255A11A73C4C00B361DC /* OOMesh.h in Headers */ = {isa = PBXBuildFile; fileRef = 1AEA255911A73C4C00B361DC /* OOMesh.h */; settings = {ATTRIBUTES = (Public, ); }; };
		1AF426EE11A939F8008E883C /* OOMFloatArray.h in Headers */ = {isa = PBXBuildFile; fileRef = 1AF426EC11A939F8008E883C /* OOMFloatArray.h */; settings = {ATTRIBUTES = (Public, ); }; };
		1AF426EF11A939F8008E883C /* OOMFloatArray.m in Sources */ = {isa = PBXBuildFile; fileRef = 1AF426ED11A939F8008E883C /* OOMFloatArray.m */; };
		1AF4293411A9897D008E883C /* OOMMaterialSpecification.h in Headers */ = {isa = PBXBuildFile; fileRef = 1AF4293211A9897D008E883C /* OOMMaterialSpecification.h */; settings = {ATTRIBUTES = (Public, ); }; };
		1AF4293511A9897D008E883C /* OOMMaterialSpecification.m in Sources */ = {isa = PBXBuildFile; fileRef = 1AF4293311A9897D008E883C /* OOMMaterialSpecification.m */; };
		1AF429BA11A98B4D008E883C /* OOMTextureSpecification.h in Headers */ = {isa = PBXBuildFile; fileRef = 1AF429B811A98B4D008E883C /* OOMTextureSpecification.h */; settings = {ATTRIBUTES = (Public, ); }; };
		1AF429BB11A98B4D008E883C /* OOMTextureSpecification.m in Sources */ = {isa = PBXBuildFile; fileRef = 1AF429B911A98B4D008E883C /* OOMTextureSpecification.m */; };
		1AF42A1711A997AD008E883C /* JAPropertyListRepresentation.h in Headers */ = {isa = PBXBuildFile; fileRef = 1AF42A1511A997AD008E883C /* JAPropertyListRepresentation.h */; settings = {ATTRIBUTES = (Public, ); }; };
		1AF42A1811A997AD008E883C /* JAPropertyListRepresentation.m in Sources */ = {isa = PBXBuildFile; fileRef = 1AF42A1611A997AD008E883C /* JAPropertyListRepresentation.m */; };
		1AF42A7811A9AB27008E883C /* NSNumberOOExtensions.h in Headers */ = {isa = PBXBuildFile; fileRef = 1AF42A7611A9AB27008E883C /* NSNumberOOExtensions.h */; settings = {ATTRIBUTES = (Public, ); }; };
		1AF42A7911A9AB27008E883C /* NSNumberOOExtensions.m in Sources */ = {isa = PBXBuildFile; fileRef = 1AF42A7711A9AB27008E883C /* NSNumberOOExtensions.m */; };
/* End PBXBuildFile section */

/* Begin PBXFileReference section */
		0867D69BFE84028FC02AAC07 /* Foundation.framework */ = {isa = PBXFileReference; lastKnownFileType = wrapper.framework; name = Foundation.framework; path = /System/Library/Frameworks/Foundation.framework; sourceTree = "<absolute>"; };
		0867D6A5FE840307C02AAC07 /* AppKit.framework */ = {isa = PBXFileReference; lastKnownFileType = wrapper.framework; name = AppKit.framework; path = /System/Library/Frameworks/AppKit.framework; sourceTree = "<absolute>"; };
		1058C7B1FEA5585E11CA2CBB /* Cocoa.framework */ = {isa = PBXFileReference; lastKnownFileType = wrapper.framework; name = Cocoa.framework; path = /System/Library/Frameworks/Cocoa.framework; sourceTree = "<absolute>"; };
		1A0ECCC611A83F6E003C2D79 /* OOFastArithmetic.m */ = {isa = PBXFileReference; fileEncoding = 4; lastKnownFileType = sourcecode.c.objc; path = OOFastArithmetic.m; sourceTree = "<group>"; };
		1A864C3D11A5E85C008CDC78 /* OOCollectionExtractors.h */ = {isa = PBXFileReference; fileEncoding = 4; lastKnownFileType = sourcecode.c.h; path = OOCollectionExtractors.h; sourceTree = "<group>"; };
		1A864C3E11A5E85C008CDC78 /* OOCollectionExtractors.m */ = {isa = PBXFileReference; fileEncoding = 4; lastKnownFileType = sourcecode.c.objc; path = OOCollectionExtractors.m; sourceTree = "<group>"; };
		1A864C8F11A5EC26008CDC78 /* CollectionUtils.h */ = {isa = PBXFileReference; fileEncoding = 4; lastKnownFileType = sourcecode.c.h; path = CollectionUtils.h; sourceTree = "<group>"; };
		1A864C9011A5EC26008CDC78 /* CollectionUtils.m */ = {isa = PBXFileReference; fileEncoding = 4; lastKnownFileType = sourcecode.c.objc; path = CollectionUtils.m; sourceTree = "<group>"; };
		1A8F1BD911A882FC00C94CB0 /* OOMFaceGroup.h */ = {isa = PBXFileReference; fileEncoding = 4; lastKnownFileType = sourcecode.c.h; path = OOMFaceGroup.h; sourceTree = "<group>"; };
		1A8F1BDA11A882FC00C94CB0 /* OOMFaceGroup.m */ = {isa = PBXFileReference; fileEncoding = 4; lastKnownFileType = sourcecode.c.objc; path = OOMFaceGroup.m; sourceTree = "<group>"; };
		1A8F1C6711A884F400C94CB0 /* OOMFace.h */ = {isa = PBXFileReference; fileEncoding = 4; lastKnownFileType = sourcecode.c.h; path = OOMFace.h; sourceTree = "<group>"; };
		1A8F1C6811A884F400C94CB0 /* OOMFace.m */ = {isa = PBXFileReference; fileEncoding = 4; lastKnownFileType = sourcecode.c.objc; path = OOMFace.m; sourceTree = "<group>"; };
		1A8F1CCA11A88CA600C94CB0 /* OOMMesh.h */ = {isa = PBXFileReference; fileEncoding = 4; lastKnownFileType = sourcecode.c.h; path = OOMMesh.h; sourceTree = "<group>"; };
		1A8F1CCB11A88CA600C94CB0 /* OOMMesh.m */ = {isa = PBXFileReference; fileEncoding = 4; lastKnownFileType = sourcecode.c.objc; path = OOMMesh.m; sourceTree = "<group>"; };
		1A8F1CE911A8904B00C94CB0 /* OOMOOMeshWriter.h */ = {isa = PBXFileReference; fileEncoding = 4; lastKnownFileType = sourcecode.c.h; path = OOMOOMeshWriter.h; sourceTree = "<group>"; };
		1A8F1CEA11A8904B00C94CB0 /* OOMOOMeshWriter.m */ = {isa = PBXFileReference; fileEncoding = 4; lastKnownFileType = sourcecode.c.objc; path = OOMOOMeshWriter.m; sourceTree = "<group>"; };
		1AAB4A3211A5D83D005F2081 /* Foundation.framework */ = {isa = PBXFileReference; lastKnownFileType = wrapper.framework; name = Foundation.framework; path = System/Library/Frameworks/Foundation.framework; sourceTree = SDKROOT; };
		1AAB4AB511A5D894005F2081 /* OOMVertex.h */ = {isa = PBXFileReference; fileEncoding = 4; lastKnownFileType = sourcecode.c.h; path = OOMVertex.h; sourceTree = "<group>"; };
		1AAB4AB611A5D894005F2081 /* OOMVertex.m */ = {isa = PBXFileReference; fileEncoding = 4; lastKnownFileType = sourcecode.c.objc; path = OOMVertex.m; sourceTree = "<group>"; };
		1AAB4ABE11A5D94E005F2081 /* liboomeshbase.h */ = {isa = PBXFileReference; fileEncoding = 4; lastKnownFileType = sourcecode.c.h; name = liboomeshbase.h; path = Source/liboomeshbase.h; sourceTree = "<group>"; };
		1AAB4AC711A5D9D8005F2081 /* OOFastArithmetic.h */ = {isa = PBXFileReference; fileEncoding = 4; lastKnownFileType = sourcecode.c.h; path = OOFastArithmetic.h; sourceTree = "<group>"; };
		1AAB4AC811A5D9D8005F2081 /* OOFunctionAttributes.h */ = {isa = PBXFileReference; fileEncoding = 4; lastKnownFileType = sourcecode.c.h; path = OOFunctionAttributes.h; sourceTree = "<group>"; };
		1AAB4AC911A5D9D8005F2081 /* OOMaths.h */ = {isa = PBXFileReference; fileEncoding = 4; lastKnownFileType = sourcecode.c.h; path = OOMaths.h; sourceTree = "<group>"; };
		1AAB4ACA11A5D9D8005F2081 /* OOMatrix.h */ = {isa = PBXFileReference; fileEncoding = 4; lastKnownFileType = sourcecode.c.h; path = OOMatrix.h; sourceTree = "<group>"; };
		1AAB4ACB11A5D9D8005F2081 /* OOMatrix.m */ = {isa = PBXFileReference; fileEncoding = 4; lastKnownFileType = sourcecode.c.objc; path = OOMatrix.m; sourceTree = "<group>"; };
		1AAB4ACC11A5D9D8005F2081 /* OOQuaternion.h */ = {isa = PBXFileReference; fileEncoding = 4; lastKnownFileType = sourcecode.c.h; path = OOQuaternion.h; sourceTree = "<group>"; };
		1AAB4ACD11A5D9D8005F2081 /* OOQuaternion.m */ = {isa = PBXFileReference; fileEncoding = 4; lastKnownFileType = sourcecode.c.objc; path = OOQuaternion.m; sourceTree = "<group>"; };
		1AAB4ACE11A5D9D8005F2081 /* OOVector.h */ = {isa = PBXFileReference; fileEncoding = 4; lastKnownFileType = sourcecode.c.h; path = OOVector.h; sourceTree = "<group>"; };
		1AAB4ACF11A5D9D8005F2081 /* OOVector.m */ = {isa = PBXFileReference; fileEncoding = 4; lastKnownFileType = sourcecode.c.objc; path = OOVector.m; sourceTree = "<group>"; };
		1AEA232E11A728C100B361DC /* OOMDATLexer.h */ = {isa = PBXFileReference; fileEncoding = 4; lastKnownFileType = sourcecode.c.h; path = OOMDATLexer.h; sourceTree = "<group>"; };
		1AEA232F11A728C100B361DC /* OOMDATLexer.m */ = {isa = PBXFileReference; fileEncoding = 4; lastKnownFileType = sourcecode.c.objc; path = OOMDATLexer.m; sourceTree = "<group>"; };
		1AEA233711A729F000B361DC /* OOMProblemReportManager.h */ = {isa = PBXFileReference; fileEncoding = 4; lastKnownFileType = sourcecode.c.h; path = OOMProblemReportManager.h; sourceTree = "<group>"; };
		1AEA234E11A72C7200B361DC /* OOMProblemReportManager.m */ = {isa = PBXFileReference; fileEncoding = 4; lastKnownFileType = sourcecode.c.objc; path = OOMProblemReportManager.m; sourceTree = "<group>"; };
		1AEA235C11A72E0B00B361DC /* OOMDATReader.h */ = {isa = PBXFileReference; fileEncoding = 4; lastKnownFileType = sourcecode.c.h; path = OOMDATReader.h; sourceTree = "<group>"; };
		1AEA235D11A72E0B00B361DC /* OOMDATReader.m */ = {isa = PBXFileReference; fileEncoding = 4; lastKnownFileType = sourcecode.c.objc; path = OOMDATReader.m; sourceTree = "<group>"; };
		1AEA251111A73A9200B361DC /* OOMesh.framework */ = {isa = PBXFileReference; explicitFileType = wrapper.framework; includeInIndex = 0; path = OOMesh.framework; sourceTree = BUILT_PRODUCTS_DIR; };
		1AEA251311A73A9200B361DC /* OOMesh-Info.plist */ = {isa = PBXFileReference; lastKnownFileType = text.plist.xml; path = "OOMesh-Info.plist"; sourceTree = "<group>"; };
		1AEA255911A73C4C00B361DC /* OOMesh.h */ = {isa = PBXFileReference; fileEncoding = 4; lastKnownFileType = sourcecode.c.h; name = OOMesh.h; path = Source/OOMesh.h; sourceTree = "<group>"; };
		1AF426EC11A939F8008E883C /* OOMFloatArray.h */ = {isa = PBXFileReference; fileEncoding = 4; lastKnownFileType = sourcecode.c.h; path = OOMFloatArray.h; sourceTree = "<group>"; };
		1AF426ED11A939F8008E883C /* OOMFloatArray.m */ = {isa = PBXFileReference; fileEncoding = 4; lastKnownFileType = sourcecode.c.objc; path = OOMFloatArray.m; sourceTree = "<group>"; };
		1AF4293211A9897D008E883C /* OOMMaterialSpecification.h */ = {isa = PBXFileReference; fileEncoding = 4; lastKnownFileType = sourcecode.c.h; path = OOMMaterialSpecification.h; sourceTree = "<group>"; };
		1AF4293311A9897D008E883C /* OOMMaterialSpecification.m */ = {isa = PBXFileReference; fileEncoding = 4; lastKnownFileType = sourcecode.c.objc; path = OOMMaterialSpecification.m; sourceTree = "<group>"; };
		1AF429B811A98B4D008E883C /* OOMTextureSpecification.h */ = {isa = PBXFileReference; fileEncoding = 4; lastKnownFileType = sourcecode.c.h; path = OOMTextureSpecification.h; sourceTree = "<group>"; };
		1AF429B911A98B4D008E883C /* OOMTextureSpecification.m */ = {isa = PBXFileReference; fileEncoding = 4; lastKnownFileType = sourcecode.c.objc; path = OOMTextureSpecification.m; sourceTree = "<group>"; };
		1AF42A1511A997AD008E883C /* JAPropertyListRepresentation.h */ = {isa = PBXFileReference; fileEncoding = 4; lastKnownFileType = sourcecode.c.h; path = JAPropertyListRepresentation.h; sourceTree = "<group>"; };
		1AF42A1611A997AD008E883C /* JAPropertyListRepresentation.m */ = {isa = PBXFileReference; fileEncoding = 4; lastKnownFileType = sourcecode.c.objc; path = JAPropertyListRepresentation.m; sourceTree = "<group>"; };
		1AF42A7611A9AB27008E883C /* NSNumberOOExtensions.h */ = {isa = PBXFileReference; fileEncoding = 4; lastKnownFileType = sourcecode.c.h; path = NSNumberOOExtensions.h; sourceTree = "<group>"; };
		1AF42A7711A9AB27008E883C /* NSNumberOOExtensions.m */ = {isa = PBXFileReference; fileEncoding = 4; lastKnownFileType = sourcecode.c.objc; path = NSNumberOOExtensions.m; sourceTree = "<group>"; };
		D2F7E8BE07B2D77200F64583 /* CoreData.framework */ = {isa = PBXFileReference; lastKnownFileType = wrapper.framework; name = CoreData.framework; path = /System/Library/Frameworks/CoreData.framework; sourceTree = "<absolute>"; };
/* End PBXFileReference section */

/* Begin PBXFrameworksBuildPhase section */
		1AEA250F11A73A9200B361DC /* Frameworks */ = {
			isa = PBXFrameworksBuildPhase;
			buildActionMask = 2147483647;
			files = (
				1AEA253111A73ABA00B361DC /* Foundation.framework in Frameworks */,
			);
			runOnlyForDeploymentPostprocessing = 0;
		};
/* End PBXFrameworksBuildPhase section */

/* Begin PBXGroup section */
		034768DFFF38A50411DB9C8B /* Products */ = {
			isa = PBXGroup;
			children = (
				1AEA251111A73A9200B361DC /* OOMesh.framework */,
			);
			name = Products;
			sourceTree = "<group>";
		};
		0867D691FE84028FC02AAC07 /* oomesh */ = {
			isa = PBXGroup;
			children = (
				1AAB4ABE11A5D94E005F2081 /* liboomeshbase.h */,
				1AEA255911A73C4C00B361DC /* OOMesh.h */,
				08FB77AEFE84172EC02AAC07 /* Source */,
				1AAB4AC611A5D9D8005F2081 /* Oolite */,
				1A864C8D11A5EC26008CDC78 /* Deps */,
				0867D69AFE84028FC02AAC07 /* External Frameworks and Libraries */,
				034768DFFF38A50411DB9C8B /* Products */,
				1AAB4A3211A5D83D005F2081 /* Foundation.framework */,
				1AEA251311A73A9200B361DC /* OOMesh-Info.plist */,
			);
			name = oomesh;
			sourceTree = "<group>";
		};
		0867D69AFE84028FC02AAC07 /* External Frameworks and Libraries */ = {
			isa = PBXGroup;
			children = (
				1058C7B0FEA5585E11CA2CBB /* Linked Frameworks */,
				1058C7B2FEA5585E11CA2CBB /* Other Frameworks */,
			);
			name = "External Frameworks and Libraries";
			sourceTree = "<group>";
		};
		08FB77AEFE84172EC02AAC07 /* Source */ = {
			isa = PBXGroup;
			children = (
				1AAB4AB511A5D894005F2081 /* OOMVertex.h */,
				1AAB4AB611A5D894005F2081 /* OOMVertex.m */,
				1A8F1C6711A884F400C94CB0 /* OOMFace.h */,
				1A8F1C6811A884F400C94CB0 /* OOMFace.m */,
				1A8F1BD911A882FC00C94CB0 /* OOMFaceGroup.h */,
				1A8F1BDA11A882FC00C94CB0 /* OOMFaceGroup.m */,
				1A8F1CCA11A88CA600C94CB0 /* OOMMesh.h */,
				1A8F1CCB11A88CA600C94CB0 /* OOMMesh.m */,
				1AF4293211A9897D008E883C /* OOMMaterialSpecification.h */,
				1AF4293311A9897D008E883C /* OOMMaterialSpecification.m */,
				1AF429B811A98B4D008E883C /* OOMTextureSpecification.h */,
				1AF429B911A98B4D008E883C /* OOMTextureSpecification.m */,
				1AEA232E11A728C100B361DC /* OOMDATLexer.h */,
				1AEA232F11A728C100B361DC /* OOMDATLexer.m */,
				1AEA235C11A72E0B00B361DC /* OOMDATReader.h */,
				1AEA235D11A72E0B00B361DC /* OOMDATReader.m */,
				1A8F1CE911A8904B00C94CB0 /* OOMOOMeshWriter.h */,
				1A8F1CEA11A8904B00C94CB0 /* OOMOOMeshWriter.m */,
				1AEA233711A729F000B361DC /* OOMProblemReportManager.h */,
				1AEA234E11A72C7200B361DC /* OOMProblemReportManager.m */,
				1AF426EC11A939F8008E883C /* OOMFloatArray.h */,
				1AF426ED11A939F8008E883C /* OOMFloatArray.m */,
			);
			path = Source;
			sourceTree = "<group>";
		};
		1058C7B0FEA5585E11CA2CBB /* Linked Frameworks */ = {
			isa = PBXGroup;
			children = (
				1058C7B1FEA5585E11CA2CBB /* Cocoa.framework */,
			);
			name = "Linked Frameworks";
			sourceTree = "<group>";
		};
		1058C7B2FEA5585E11CA2CBB /* Other Frameworks */ = {
			isa = PBXGroup;
			children = (
				0867D6A5FE840307C02AAC07 /* AppKit.framework */,
				D2F7E8BE07B2D77200F64583 /* CoreData.framework */,
				0867D69BFE84028FC02AAC07 /* Foundation.framework */,
			);
			name = "Other Frameworks";
			sourceTree = "<group>";
		};
		1A864C8D11A5EC26008CDC78 /* Deps */ = {
			isa = PBXGroup;
			children = (
				1A864C8E11A5EC26008CDC78 /* CollectionUtils */,
				1AF42A1411A997AD008E883C /* JAPropertyListRepresentation */,
			);
			path = Deps;
			sourceTree = "<group>";
		};
		1A864C8E11A5EC26008CDC78 /* CollectionUtils */ = {
			isa = PBXGroup;
			children = (
				1A864C8F11A5EC26008CDC78 /* CollectionUtils.h */,
				1A864C9011A5EC26008CDC78 /* CollectionUtils.m */,
			);
			path = CollectionUtils;
			sourceTree = "<group>";
		};
		1AAB4AC611A5D9D8005F2081 /* Oolite */ = {
			isa = PBXGroup;
			children = (
				1AF42A7611A9AB27008E883C /* NSNumberOOExtensions.h */,
				1AF42A7711A9AB27008E883C /* NSNumberOOExtensions.m */,
				1AAB4AC711A5D9D8005F2081 /* OOFastArithmetic.h */,
				1A0ECCC611A83F6E003C2D79 /* OOFastArithmetic.m */,
				1AAB4AC811A5D9D8005F2081 /* OOFunctionAttributes.h */,
				1AAB4AC911A5D9D8005F2081 /* OOMaths.h */,
				1AAB4ACA11A5D9D8005F2081 /* OOMatrix.h */,
				1AAB4ACB11A5D9D8005F2081 /* OOMatrix.m */,
				1AAB4ACC11A5D9D8005F2081 /* OOQuaternion.h */,
				1AAB4ACD11A5D9D8005F2081 /* OOQuaternion.m */,
				1AAB4ACE11A5D9D8005F2081 /* OOVector.h */,
				1AAB4ACF11A5D9D8005F2081 /* OOVector.m */,
				1A864C3D11A5E85C008CDC78 /* OOCollectionExtractors.h */,
				1A864C3E11A5E85C008CDC78 /* OOCollectionExtractors.m */,
			);
			path = Oolite;
			sourceTree = "<group>";
		};
		1AF42A1411A997AD008E883C /* JAPropertyListRepresentation */ = {
			isa = PBXGroup;
			children = (
				1AF42A1511A997AD008E883C /* JAPropertyListRepresentation.h */,
				1AF42A1611A997AD008E883C /* JAPropertyListRepresentation.m */,
			);
			path = JAPropertyListRepresentation;
			sourceTree = "<group>";
		};
/* End PBXGroup section */

/* Begin PBXHeadersBuildPhase section */
		1AEA250C11A73A9200B361DC /* Headers */ = {
			isa = PBXHeadersBuildPhase;
			buildActionMask = 2147483647;
			files = (
				1AEA251711A73AA100B361DC /* liboomeshbase.h in Headers */,
				1AEA251811A73AA300B361DC /* OOMDATLexer.h in Headers */,
				1AEA251A11A73AA400B361DC /* OOMDATReader.h in Headers */,
				1AEA251C11A73AA500B361DC /* OOMProblemReportManager.h in Headers */,
				1AEA251E11A73AA500B361DC /* OOMVertex.h in Headers */,
				1AEA252011A73AA900B361DC /* OOCollectionExtractors.h in Headers */,
				1AEA252211A73AAA00B361DC /* OOFastArithmetic.h in Headers */,
				1AEA252311A73AAB00B361DC /* OOFunctionAttributes.h in Headers */,
				1AEA252411A73AAB00B361DC /* OOMaths.h in Headers */,
				1AEA252511A73AAC00B361DC /* OOMatrix.h in Headers */,
				1AEA252711A73AAD00B361DC /* OOQuaternion.h in Headers */,
				1AEA252911A73AAD00B361DC /* OOVector.h in Headers */,
				1AEA252F11A73AB100B361DC /* CollectionUtils.h in Headers */,
				1AEA255A11A73C4C00B361DC /* OOMesh.h in Headers */,
				1A8F1BDB11A882FC00C94CB0 /* OOMFaceGroup.h in Headers */,
				1A8F1C6911A884F400C94CB0 /* OOMFace.h in Headers */,
				1A8F1CCC11A88CA600C94CB0 /* OOMMesh.h in Headers */,
				1A8F1CEB11A8904B00C94CB0 /* OOMOOMeshWriter.h in Headers */,
				1AF426EE11A939F8008E883C /* OOMFloatArray.h in Headers */,
				1AF4293411A9897D008E883C /* OOMMaterialSpecification.h in Headers */,
				1AF429BA11A98B4D008E883C /* OOMTextureSpecification.h in Headers */,
				1AF42A1711A997AD008E883C /* JAPropertyListRepresentation.h in Headers */,
				1AF42A7811A9AB27008E883C /* NSNumberOOExtensions.h in Headers */,
			);
			runOnlyForDeploymentPostprocessing = 0;
		};
/* End PBXHeadersBuildPhase section */

/* Begin PBXNativeTarget section */
		1AEA251011A73A9200B361DC /* OOMesh */ = {
			isa = PBXNativeTarget;
			buildConfigurationList = 1AEA251611A73A9300B361DC /* Build configuration list for PBXNativeTarget "OOMesh" */;
			buildPhases = (
				1AEA250C11A73A9200B361DC /* Headers */,
				1AEA250D11A73A9200B361DC /* Resources */,
				1AEA250E11A73A9200B361DC /* Sources */,
				1AEA250F11A73A9200B361DC /* Frameworks */,
			);
			buildRules = (
			);
			dependencies = (
			);
			name = OOMesh;
			productName = OOMesh;
			productReference = 1AEA251111A73A9200B361DC /* OOMesh.framework */;
			productType = "com.apple.product-type.framework";
		};
/* End PBXNativeTarget section */

/* Begin PBXProject section */
		0867D690FE84028FC02AAC07 /* Project object */ = {
			isa = PBXProject;
			buildConfigurationList = 1DEB922208733DC00010E9CD /* Build configuration list for PBXProject "oomesh" */;
			compatibilityVersion = "Xcode 3.1";
			hasScannedForEncodings = 1;
			mainGroup = 0867D691FE84028FC02AAC07 /* oomesh */;
			productRefGroup = 034768DFFF38A50411DB9C8B /* Products */;
			projectDirPath = "";
			projectRoot = "";
			targets = (
				1AEA251011A73A9200B361DC /* OOMesh */,
			);
		};
/* End PBXProject section */

/* Begin PBXResourcesBuildPhase section */
		1AEA250D11A73A9200B361DC /* Resources */ = {
			isa = PBXResourcesBuildPhase;
			buildActionMask = 2147483647;
			files = (
			);
			runOnlyForDeploymentPostprocessing = 0;
		};
/* End PBXResourcesBuildPhase section */

/* Begin PBXSourcesBuildPhase section */
		1AEA250E11A73A9200B361DC /* Sources */ = {
			isa = PBXSourcesBuildPhase;
			buildActionMask = 2147483647;
			files = (
				1AEA251911A73AA400B361DC /* OOMDATLexer.m in Sources */,
				1AEA251B11A73AA400B361DC /* OOMDATReader.m in Sources */,
				1AEA251D11A73AA500B361DC /* OOMProblemReportManager.m in Sources */,
				1AEA251F11A73AA600B361DC /* OOMVertex.m in Sources */,
				1AEA252111A73AAA00B361DC /* OOCollectionExtractors.m in Sources */,
				1AEA252611A73AAC00B361DC /* OOMatrix.m in Sources */,
				1AEA252811A73AAD00B361DC /* OOQuaternion.m in Sources */,
				1AEA252A11A73AAE00B361DC /* OOVector.m in Sources */,
				1AEA252B11A73AB000B361DC /* CollectionUtils.m in Sources */,
				1A0ECCC711A83F6E003C2D79 /* OOFastArithmetic.m in Sources */,
				1A8F1BDC11A882FC00C94CB0 /* OOMFaceGroup.m in Sources */,
				1A8F1C6A11A884F400C94CB0 /* OOMFace.m in Sources */,
				1A8F1CCD11A88CA600C94CB0 /* OOMMesh.m in Sources */,
				1A8F1CEC11A8904B00C94CB0 /* OOMOOMeshWriter.m in Sources */,
				1AF426EF11A939F8008E883C /* OOMFloatArray.m in Sources */,
				1AF4293511A9897D008E883C /* OOMMaterialSpecification.m in Sources */,
				1AF429BB11A98B4D008E883C /* OOMTextureSpecification.m in Sources */,
				1AF42A1811A997AD008E883C /* JAPropertyListRepresentation.m in Sources */,
				1AF42A7911A9AB27008E883C /* NSNumberOOExtensions.m in Sources */,
			);
			runOnlyForDeploymentPostprocessing = 0;
		};
/* End PBXSourcesBuildPhase section */

/* Begin XCBuildConfiguration section */
		1AEA251411A73A9300B361DC /* Debug */ = {
			isa = XCBuildConfiguration;
			buildSettings = {
				ALWAYS_SEARCH_USER_PATHS = NO;
				DYLIB_COMPATIBILITY_VERSION = 1;
				DYLIB_CURRENT_VERSION = 1;
				FRAMEWORK_VERSION = A;
				GCC_DYNAMIC_NO_PIC = NO;
				GCC_ENABLE_FIX_AND_CONTINUE = YES;
				GCC_MODEL_TUNING = G5;
				GCC_OPTIMIZATION_LEVEL = 0;
				GCC_PRECOMPILE_PREFIX_HEADER = YES;
				GCC_PREFIX_HEADER = Source/liboomeshbase.h;
				GCC_TREAT_WARNINGS_AS_ERRORS = YES;
				INFOPLIST_FILE = "OOMesh-Info.plist";
				INSTALL_PATH = "@rpath/";
				OTHER_LDFLAGS = (
					"-framework",
					Foundation,
				);
				PREBINDING = NO;
				PRODUCT_NAME = OOMesh;
				WARNING_CFLAGS = (
					"-Wall",
					"-Wextra",
					"-Wno-unused-parameter",
					"-Wno-missing-braces",
				);
			};
			name = Debug;
		};
		1AEA251511A73A9300B361DC /* Release */ = {
			isa = XCBuildConfiguration;
			buildSettings = {
				ALWAYS_SEARCH_USER_PATHS = NO;
				DEBUG_INFORMATION_FORMAT = "dwarf-with-dsym";
				DYLIB_COMPATIBILITY_VERSION = 1;
				DYLIB_CURRENT_VERSION = 1;
				FRAMEWORK_VERSION = A;
				GCC_ENABLE_FIX_AND_CONTINUE = NO;
				GCC_MODEL_TUNING = G5;
				GCC_PRECOMPILE_PREFIX_HEADER = YES;
				GCC_PREFIX_HEADER = Source/liboomeshbase.h;
				GCC_PREPROCESSOR_DEFINITIONS = (
					"NDEBUG=1",
					"NS_BLOCK_ASSERTIONS=1",
				);
				GCC_TREAT_WARNINGS_AS_ERRORS = YES;
				INFOPLIST_FILE = "OOMesh-Info.plist";
				INSTALL_PATH = "@rpath/";
				OTHER_LDFLAGS = (
					"-framework",
					Foundation,
				);
				PREBINDING = NO;
				PRODUCT_NAME = OOMesh;
				WARNING_CFLAGS = (
					"-Wall",
					"-Wextra",
					"-Wno-unused-parameter",
					"-Wno-missing-braces",
				);
			};
			name = Release;
		};
		1DEB922308733DC00010E9CD /* Debug */ = {
			isa = XCBuildConfiguration;
			buildSettings = {
				ARCHS = "$(ARCHS_STANDARD_32_64_BIT)";
				GCC_C_LANGUAGE_STANDARD = gnu99;
				GCC_OPTIMIZATION_LEVEL = 0;
				GCC_WARN_ABOUT_RETURN_TYPE = YES;
				GCC_WARN_UNUSED_VARIABLE = YES;
				ONLY_ACTIVE_ARCH = YES;
				PREBINDING = NO;
				SDKROOT = macosx10.6;
			};
			name = Debug;
		};
		1DEB922408733DC00010E9CD /* Release */ = {
			isa = XCBuildConfiguration;
			buildSettings = {
				ARCHS = "$(ARCHS_STANDARD_32_64_BIT)";
				GCC_C_LANGUAGE_STANDARD = gnu99;
				GCC_WARN_ABOUT_RETURN_TYPE = YES;
				GCC_WARN_UNUSED_VARIABLE = YES;
				PREBINDING = NO;
				SDKROOT = macosx10.6;
			};
			name = Release;
		};
/* End XCBuildConfiguration section */

/* Begin XCConfigurationList section */
		1AEA251611A73A9300B361DC /* Build configuration list for PBXNativeTarget "OOMesh" */ = {
			isa = XCConfigurationList;
			buildConfigurations = (
				1AEA251411A73A9300B361DC /* Debug */,
				1AEA251511A73A9300B361DC /* Release */,
			);
			defaultConfigurationIsVisible = 0;
			defaultConfigurationName = Release;
		};
		1DEB922208733DC00010E9CD /* Build configuration list for PBXProject "oomesh" */ = {
			isa = XCConfigurationList;
			buildConfigurations = (
				1DEB922308733DC00010E9CD /* Debug */,
				1DEB922408733DC00010E9CD /* Release */,
			);
			defaultConfigurationIsVisible = 0;
			defaultConfigurationName = Release;
		};
/* End XCConfigurationList section */
	};
	rootObject = 0867D690FE84028FC02AAC07 /* Project object */;
}
